{
  "pins" : [
    {
      "identity" : "focusentity",
      "kind" : "remoteSourceControl",
      "location" : "https://github.com/maxxfrazer/FocusEntity",
      "state" : {
        "revision" : "e7ca067e1f00511f479f4ae4dd4de928cbbf5215",
        "version" : "2.4.1"
      }
    },
    {
      "identity" : "popupview",
      "kind" : "remoteSourceControl",
      "location" : "https://github.com/exyte/PopupView.git",
      "state" : {
        "revision" : "c382cb80e2148daf1da2d7077a6b0e11faae8269",
        "version" : "2.5.0"
      }
    }
  ],
  "version" : 2
}
