// !$*UTF8*$!
{
	archiveVersion = 1;
	classes = {
	};
	objectVersion = 56;
	objects = {

/* Begin PBXBuildFile section */
		13E09BBD2A2AD970009543C6 /* Tori_s_ForestApp.swift in Sources */ = {isa = PBXBuildFile; fileRef = 13E09BBC2A2AD970009543C6 /* Tori_s_ForestApp.swift */; };
		13E09BBF2A2AD970009543C6 /* ContentView.swift in Sources */ = {isa = PBXBuildFile; fileRef = 13E09BBE2A2AD970009543C6 /* ContentView.swift */; };
		13E09BC12A2AD971009543C6 /* Assets.xcassets in Resources */ = {isa = PBXBuildFile; fileRef = 13E09BC02A2AD971009543C6 /* Assets.xcassets */; };
		13E09BC42A2AD971009543C6 /* Preview Assets.xcassets in Resources */ = {isa = PBXBuildFile; fileRef = 13E09BC32A2AD971009543C6 /* Preview Assets.xcassets */; };
		5B254FAA2A2CCC1B00E426EE /* ViewChangeButton.swift in Sources */ = {isa = PBXBuildFile; fileRef = 5B254FA92A2CCC1B00E426EE /* ViewChangeButton.swift */; };
		5B254FAE2A2CCC3500E426EE /* MainView.swift in Sources */ = {isa = PBXBuildFile; fileRef = 5B254FAD2A2CCC3500E426EE /* MainView.swift */; };
		5B254FB02A2CCD9D00E426EE /* MessageBox.swift in Sources */ = {isa = PBXBuildFile; fileRef = 5B254FAF2A2CCD9D00E426EE /* MessageBox.swift */; };
		5B254FB22A2CCFB200E426EE /* PlantPotView.swift in Sources */ = {isa = PBXBuildFile; fileRef = 5B254FB12A2CCFB200E426EE /* PlantPotView.swift */; };
		5B254FB42A2CD1C600E426EE /* MissionBox.swift in Sources */ = {isa = PBXBuildFile; fileRef = 5B254FB32A2CD1C600E426EE /* MissionBox.swift */; };
		5B254FB62A2CD5CD00E426EE /* PlantSelectView.swift in Sources */ = {isa = PBXBuildFile; fileRef = 5B254FB52A2CD5CD00E426EE /* PlantSelectView.swift */; };
		5B254FBC2A2CE7D300E426EE /* Stroy.swift in Sources */ = {isa = PBXBuildFile; fileRef = 5B254FBB2A2CE7D300E426EE /* Stroy.swift */; };
		5B254FBE2A2CEE2300E426EE /* GardenView.swift in Sources */ = {isa = PBXBuildFile; fileRef = 5B254FBD2A2CEE2300E426EE /* GardenView.swift */; };
		5B254FC02A2CEEEF00E426EE /* PlantHistoryView.swift in Sources */ = {isa = PBXBuildFile; fileRef = 5B254FBF2A2CEEEF00E426EE /* PlantHistoryView.swift */; };
		5B254FC22A2D1A6C00E426EE /* ChapterOverView.swift in Sources */ = {isa = PBXBuildFile; fileRef = 5B254FC12A2D1A6C00E426EE /* ChapterOverView.swift */; };
		5B254FC42A2DF98300E426EE /* CustomProgressBar.swift in Sources */ = {isa = PBXBuildFile; fileRef = 5B254FC32A2DF98300E426EE /* CustomProgressBar.swift */; };
		5B254FC62A2E00C700E426EE /* DiaryView.swift in Sources */ = {isa = PBXBuildFile; fileRef = 5B254FC52A2E00C700E426EE /* DiaryView.swift */; };
/* End PBXBuildFile section */

/* Begin PBXFileReference section */
		13E09BB92A2AD970009543C6 /* Tori's Forest.app */ = {isa = PBXFileReference; explicitFileType = wrapper.application; includeInIndex = 0; path = "Tori's Forest.app"; sourceTree = BUILT_PRODUCTS_DIR; };
		13E09BBC2A2AD970009543C6 /* Tori_s_ForestApp.swift */ = {isa = PBXFileReference; lastKnownFileType = sourcecode.swift; path = Tori_s_ForestApp.swift; sourceTree = "<group>"; };
		13E09BBE2A2AD970009543C6 /* ContentView.swift */ = {isa = PBXFileReference; lastKnownFileType = sourcecode.swift; path = ContentView.swift; sourceTree = "<group>"; };
		13E09BC02A2AD971009543C6 /* Assets.xcassets */ = {isa = PBXFileReference; lastKnownFileType = folder.assetcatalog; path = Assets.xcassets; sourceTree = "<group>"; };
		13E09BC32A2AD971009543C6 /* Preview Assets.xcassets */ = {isa = PBXFileReference; lastKnownFileType = folder.assetcatalog; path = "Preview Assets.xcassets"; sourceTree = "<group>"; };
		5B254FA92A2CCC1B00E426EE /* ViewChangeButton.swift */ = {isa = PBXFileReference; lastKnownFileType = sourcecode.swift; path = ViewChangeButton.swift; sourceTree = "<group>"; };
		5B254FAD2A2CCC3500E426EE /* MainView.swift */ = {isa = PBXFileReference; lastKnownFileType = sourcecode.swift; path = MainView.swift; sourceTree = "<group>"; };
		5B254FAF2A2CCD9D00E426EE /* MessageBox.swift */ = {isa = PBXFileReference; lastKnownFileType = sourcecode.swift; path = MessageBox.swift; sourceTree = "<group>"; };
		5B254FB12A2CCFB200E426EE /* PlantPotView.swift */ = {isa = PBXFileReference; lastKnownFileType = sourcecode.swift; path = PlantPotView.swift; sourceTree = "<group>"; };
		5B254FB32A2CD1C600E426EE /* MissionBox.swift */ = {isa = PBXFileReference; lastKnownFileType = sourcecode.swift; path = MissionBox.swift; sourceTree = "<group>"; };
		5B254FB52A2CD5CD00E426EE /* PlantSelectView.swift */ = {isa = PBXFileReference; lastKnownFileType = sourcecode.swift; path = PlantSelectView.swift; sourceTree = "<group>"; };
		5B254FBB2A2CE7D300E426EE /* Stroy.swift */ = {isa = PBXFileReference; lastKnownFileType = sourcecode.swift; path = Stroy.swift; sourceTree = "<group>"; };
		5B254FBD2A2CEE2300E426EE /* GardenView.swift */ = {isa = PBXFileReference; lastKnownFileType = sourcecode.swift; path = GardenView.swift; sourceTree = "<group>"; };
		5B254FBF2A2CEEEF00E426EE /* PlantHistoryView.swift */ = {isa = PBXFileReference; lastKnownFileType = sourcecode.swift; path = PlantHistoryView.swift; sourceTree = "<group>"; };
		5B254FC12A2D1A6C00E426EE /* ChapterOverView.swift */ = {isa = PBXFileReference; lastKnownFileType = sourcecode.swift; path = ChapterOverView.swift; sourceTree = "<group>"; };
		5B254FC32A2DF98300E426EE /* CustomProgressBar.swift */ = {isa = PBXFileReference; lastKnownFileType = sourcecode.swift; path = CustomProgressBar.swift; sourceTree = "<group>"; };
		5B254FC52A2E00C700E426EE /* DiaryView.swift */ = {isa = PBXFileReference; lastKnownFileType = sourcecode.swift; path = DiaryView.swift; sourceTree = "<group>"; };
/* End PBXFileReference section */

/* Begin PBXFrameworksBuildPhase section */
		13E09BB62A2AD970009543C6 /* Frameworks */ = {
			isa = PBXFrameworksBuildPhase;
			buildActionMask = 2147483647;
			files = (
			);
			runOnlyForDeploymentPostprocessing = 0;
		};
/* End PBXFrameworksBuildPhase section */

/* Begin PBXGroup section */
		13E09BB02A2AD970009543C6 = {
			isa = PBXGroup;
			children = (
				13E09BBB2A2AD970009543C6 /* Tori's Forest */,
				13E09BBA2A2AD970009543C6 /* Products */,
			);
			sourceTree = "<group>";
		};
		13E09BBA2A2AD970009543C6 /* Products */ = {
			isa = PBXGroup;
			children = (
				13E09BB92A2AD970009543C6 /* Tori's Forest.app */,
			);
			name = Products;
			sourceTree = "<group>";
		};
		13E09BBB2A2AD970009543C6 /* Tori's Forest */ = {
			isa = PBXGroup;
			children = (
				13E09BBC2A2AD970009543C6 /* Tori_s_ForestApp.swift */,
				5B254FA92A2CCC1B00E426EE /* ViewChangeButton.swift */,
				5B254FAF2A2CCD9D00E426EE /* MessageBox.swift */,
				13E09BBE2A2AD970009543C6 /* ContentView.swift */,
				5B254FAD2A2CCC3500E426EE /* MainView.swift */,
				5B254FB32A2CD1C600E426EE /* MissionBox.swift */,
				5B254FB52A2CD5CD00E426EE /* PlantSelectView.swift */,
				5B254FC52A2E00C700E426EE /* DiaryView.swift */,
				5B254FB12A2CCFB200E426EE /* PlantPotView.swift */,
				5B254FBD2A2CEE2300E426EE /* GardenView.swift */,
				5B254FBB2A2CE7D300E426EE /* Stroy.swift */,
				5B254FC12A2D1A6C00E426EE /* ChapterOverView.swift */,
				5B254FBF2A2CEEEF00E426EE /* PlantHistoryView.swift */,
				5B254FC32A2DF98300E426EE /* CustomProgressBar.swift */,
				13E09BC02A2AD971009543C6 /* Assets.xcassets */,
				13E09BC22A2AD971009543C6 /* Preview Content */,
			);
			path = "Tori's Forest";
			sourceTree = "<group>";
		};
		13E09BC22A2AD971009543C6 /* Preview Content */ = {
			isa = PBXGroup;
			children = (
				13E09BC32A2AD971009543C6 /* Preview Assets.xcassets */,
			);
			path = "Preview Content";
			sourceTree = "<group>";
		};
/* End PBXGroup section */

/* Begin PBXNativeTarget section */
		13E09BB82A2AD970009543C6 /* Tori's Forest */ = {
			isa = PBXNativeTarget;
			buildConfigurationList = 13E09BC72A2AD971009543C6 /* Build configuration list for PBXNativeTarget "Tori's Forest" */;
			buildPhases = (
				13E09BB52A2AD970009543C6 /* Sources */,
				13E09BB62A2AD970009543C6 /* Frameworks */,
				13E09BB72A2AD970009543C6 /* Resources */,
			);
			buildRules = (
			);
			dependencies = (
			);
			name = "Tori's Forest";
			productName = "Tori's Forest";
			productReference = 13E09BB92A2AD970009543C6 /* Tori's Forest.app */;
			productType = "com.apple.product-type.application";
		};
/* End PBXNativeTarget section */

/* Begin PBXProject section */
		13E09BB12A2AD970009543C6 /* Project object */ = {
			isa = PBXProject;
			attributes = {
				BuildIndependentTargetsInParallel = 1;
				LastSwiftUpdateCheck = 1430;
				LastUpgradeCheck = 1430;
				TargetAttributes = {
					13E09BB82A2AD970009543C6 = {
						CreatedOnToolsVersion = 14.3;
					};
				};
			};
			buildConfigurationList = 13E09BB42A2AD970009543C6 /* Build configuration list for PBXProject "Tori's Forest" */;
			compatibilityVersion = "Xcode 14.0";
			developmentRegion = en;
			hasScannedForEncodings = 0;
			knownRegions = (
				en,
				Base,
			);
			mainGroup = 13E09BB02A2AD970009543C6;
			productRefGroup = 13E09BBA2A2AD970009543C6 /* Products */;
			projectDirPath = "";
			projectRoot = "";
			targets = (
				13E09BB82A2AD970009543C6 /* Tori's Forest */,
			);
		};
/* End PBXProject section */

/* Begin PBXResourcesBuildPhase section */
		13E09BB72A2AD970009543C6 /* Resources */ = {
			isa = PBXResourcesBuildPhase;
			buildActionMask = 2147483647;
			files = (
				13E09BC42A2AD971009543C6 /* Preview Assets.xcassets in Resources */,
				13E09BC12A2AD971009543C6 /* Assets.xcassets in Resources */,
			);
			runOnlyForDeploymentPostprocessing = 0;
		};
/* End PBXResourcesBuildPhase section */

/* Begin PBXSourcesBuildPhase section */
		13E09BB52A2AD970009543C6 /* Sources */ = {
			isa = PBXSourcesBuildPhase;
			buildActionMask = 2147483647;
			files = (
				5B254FC42A2DF98300E426EE /* CustomProgressBar.swift in Sources */,
				13E09BBF2A2AD970009543C6 /* ContentView.swift in Sources */,
				5B254FAE2A2CCC3500E426EE /* MainView.swift in Sources */,
				5B254FC22A2D1A6C00E426EE /* ChapterOverView.swift in Sources */,
				5B254FB62A2CD5CD00E426EE /* PlantSelectView.swift in Sources */,
				5B254FBE2A2CEE2300E426EE /* GardenView.swift in Sources */,
				13E09BBD2A2AD970009543C6 /* Tori_s_ForestApp.swift in Sources */,
				5B254FC02A2CEEEF00E426EE /* PlantHistoryView.swift in Sources */,
				5B254FBC2A2CE7D300E426EE /* Stroy.swift in Sources */,
				5B254FB02A2CCD9D00E426EE /* MessageBox.swift in Sources */,
				5B254FC62A2E00C700E426EE /* DiaryView.swift in Sources */,
				5B254FB22A2CCFB200E426EE /* PlantPotView.swift in Sources */,
				5B254FB42A2CD1C600E426EE /* MissionBox.swift in Sources */,
				5B254FAA2A2CCC1B00E426EE /* ViewChangeButton.swift in Sources */,
			);
			runOnlyForDeploymentPostprocessing = 0;
		};
/* End PBXSourcesBuildPhase section */

/* Begin XCBuildConfiguration section */
		13E09BC52A2AD971009543C6 /* Debug */ = {
			isa = XCBuildConfiguration;
			buildSettings = {
				ALWAYS_SEARCH_USER_PATHS = NO;
				CLANG_ANALYZER_NONNULL = YES;
				CLANG_ANALYZER_NUMBER_OBJECT_CONVERSION = YES_AGGRESSIVE;
				CLANG_CXX_LANGUAGE_STANDARD = "gnu++20";
				CLANG_ENABLE_MODULES = YES;
				CLANG_ENABLE_OBJC_ARC = YES;
				CLANG_ENABLE_OBJC_WEAK = YES;
				CLANG_WARN_BLOCK_CAPTURE_AUTORELEASING = YES;
				CLANG_WARN_BOOL_CONVERSION = YES;
				CLANG_WARN_COMMA = YES;
				CLANG_WARN_CONSTANT_CONVERSION = YES;
				CLANG_WARN_DEPRECATED_OBJC_IMPLEMENTATIONS = YES;
				CLANG_WARN_DIRECT_OBJC_ISA_USAGE = YES_ERROR;
				CLANG_WARN_DOCUMENTATION_COMMENTS = YES;
				CLANG_WARN_EMPTY_BODY = YES;
				CLANG_WARN_ENUM_CONVERSION = YES;
				CLANG_WARN_INFINITE_RECURSION = YES;
				CLANG_WARN_INT_CONVERSION = YES;
				CLANG_WARN_NON_LITERAL_NULL_CONVERSION = YES;
				CLANG_WARN_OBJC_IMPLICIT_RETAIN_SELF = YES;
				CLANG_WARN_OBJC_LITERAL_CONVERSION = YES;
				CLANG_WARN_OBJC_ROOT_CLASS = YES_ERROR;
				CLANG_WARN_QUOTED_INCLUDE_IN_FRAMEWORK_HEADER = YES;
				CLANG_WARN_RANGE_LOOP_ANALYSIS = YES;
				CLANG_WARN_STRICT_PROTOTYPES = YES;
				CLANG_WARN_SUSPICIOUS_MOVE = YES;
				CLANG_WARN_UNGUARDED_AVAILABILITY = YES_AGGRESSIVE;
				CLANG_WARN_UNREACHABLE_CODE = YES;
				CLANG_WARN__DUPLICATE_METHOD_MATCH = YES;
				COPY_PHASE_STRIP = NO;
				DEBUG_INFORMATION_FORMAT = dwarf;
				ENABLE_STRICT_OBJC_MSGSEND = YES;
				ENABLE_TESTABILITY = YES;
				GCC_C_LANGUAGE_STANDARD = gnu11;
				GCC_DYNAMIC_NO_PIC = NO;
				GCC_NO_COMMON_BLOCKS = YES;
				GCC_OPTIMIZATION_LEVEL = 0;
				GCC_PREPROCESSOR_DEFINITIONS = (
					"DEBUG=1",
					"$(inherited)",
				);
				GCC_WARN_64_TO_32_BIT_CONVERSION = YES;
				GCC_WARN_ABOUT_RETURN_TYPE = YES_ERROR;
				GCC_WARN_UNDECLARED_SELECTOR = YES;
				GCC_WARN_UNINITIALIZED_AUTOS = YES_AGGRESSIVE;
				GCC_WARN_UNUSED_FUNCTION = YES;
				GCC_WARN_UNUSED_VARIABLE = YES;
				IPHONEOS_DEPLOYMENT_TARGET = 16.4;
				MTL_ENABLE_DEBUG_INFO = INCLUDE_SOURCE;
				MTL_FAST_MATH = YES;
				ONLY_ACTIVE_ARCH = YES;
				SDKROOT = iphoneos;
				SWIFT_ACTIVE_COMPILATION_CONDITIONS = DEBUG;
				SWIFT_OPTIMIZATION_LEVEL = "-Onone";
			};
			name = Debug;
		};
		13E09BC62A2AD971009543C6 /* Release */ = {
			isa = XCBuildConfiguration;
			buildSettings = {
				ALWAYS_SEARCH_USER_PATHS = NO;
				CLANG_ANALYZER_NONNULL = YES;
				CLANG_ANALYZER_NUMBER_OBJECT_CONVERSION = YES_AGGRESSIVE;
				CLANG_CXX_LANGUAGE_STANDARD = "gnu++20";
				CLANG_ENABLE_MODULES = YES;
				CLANG_ENABLE_OBJC_ARC = YES;
				CLANG_ENABLE_OBJC_WEAK = YES;
				CLANG_WARN_BLOCK_CAPTURE_AUTORELEASING = YES;
				CLANG_WARN_BOOL_CONVERSION = YES;
				CLANG_WARN_COMMA = YES;
				CLANG_WARN_CONSTANT_CONVERSION = YES;
				CLANG_WARN_DEPRECATED_OBJC_IMPLEMENTATIONS = YES;
				CLANG_WARN_DIRECT_OBJC_ISA_USAGE = YES_ERROR;
				CLANG_WARN_DOCUMENTATION_COMMENTS = YES;
				CLANG_WARN_EMPTY_BODY = YES;
				CLANG_WARN_ENUM_CONVERSION = YES;
				CLANG_WARN_INFINITE_RECURSION = YES;
				CLANG_WARN_INT_CONVERSION = YES;
				CLANG_WARN_NON_LITERAL_NULL_CONVERSION = YES;
				CLANG_WARN_OBJC_IMPLICIT_RETAIN_SELF = YES;
				CLANG_WARN_OBJC_LITERAL_CONVERSION = YES;
				CLANG_WARN_OBJC_ROOT_CLASS = YES_ERROR;
				CLANG_WARN_QUOTED_INCLUDE_IN_FRAMEWORK_HEADER = YES;
				CLANG_WARN_RANGE_LOOP_ANALYSIS = YES;
				CLANG_WARN_STRICT_PROTOTYPES = YES;
				CLANG_WARN_SUSPICIOUS_MOVE = YES;
				CLANG_WARN_UNGUARDED_AVAILABILITY = YES_AGGRESSIVE;
				CLANG_WARN_UNREACHABLE_CODE = YES;
				CLANG_WARN__DUPLICATE_METHOD_MATCH = YES;
				COPY_PHASE_STRIP = NO;
				DEBUG_INFORMATION_FORMAT = "dwarf-with-dsym";
				ENABLE_NS_ASSERTIONS = NO;
				ENABLE_STRICT_OBJC_MSGSEND = YES;
				GCC_C_LANGUAGE_STANDARD = gnu11;
				GCC_NO_COMMON_BLOCKS = YES;
				GCC_WARN_64_TO_32_BIT_CONVERSION = YES;
				GCC_WARN_ABOUT_RETURN_TYPE = YES_ERROR;
				GCC_WARN_UNDECLARED_SELECTOR = YES;
				GCC_WARN_UNINITIALIZED_AUTOS = YES_AGGRESSIVE;
				GCC_WARN_UNUSED_FUNCTION = YES;
				GCC_WARN_UNUSED_VARIABLE = YES;
				IPHONEOS_DEPLOYMENT_TARGET = 16.4;
				MTL_ENABLE_DEBUG_INFO = NO;
				MTL_FAST_MATH = YES;
				SDKROOT = iphoneos;
				SWIFT_COMPILATION_MODE = wholemodule;
				SWIFT_OPTIMIZATION_LEVEL = "-O";
				VALIDATE_PRODUCT = YES;
			};
			name = Release;
		};
		13E09BC82A2AD971009543C6 /* Debug */ = {
			isa = XCBuildConfiguration;
			buildSettings = {
				ASSETCATALOG_COMPILER_APPICON_NAME = AppIcon;
				ASSETCATALOG_COMPILER_GLOBAL_ACCENT_COLOR_NAME = AccentColor;
				CODE_SIGN_STYLE = Automatic;
				CURRENT_PROJECT_VERSION = 1;
				DEVELOPMENT_ASSET_PATHS = "\"Tori's Forest/Preview Content\"";
				DEVELOPMENT_TEAM = 34K3V5D9X5;
				ENABLE_PREVIEWS = YES;
				GENERATE_INFOPLIST_FILE = YES;
				INFOPLIST_KEY_NSCameraUsageDescription = "";
				INFOPLIST_KEY_UIApplicationSceneManifest_Generation = YES;
				INFOPLIST_KEY_UIApplicationSupportsIndirectInputEvents = YES;
				INFOPLIST_KEY_UILaunchScreen_Generation = YES;
				INFOPLIST_KEY_UISupportedInterfaceOrientations_iPad = "UIInterfaceOrientationPortrait UIInterfaceOrientationPortraitUpsideDown UIInterfaceOrientationLandscapeLeft UIInterfaceOrientationLandscapeRight";
				INFOPLIST_KEY_UISupportedInterfaceOrientations_iPhone = "UIInterfaceOrientationPortrait UIInterfaceOrientationLandscapeLeft UIInterfaceOrientationLandscapeRight";
				LD_RUNPATH_SEARCH_PATHS = (
					"$(inherited)",
					"@executable_path/Frameworks",
				);
				MARKETING_VERSION = 1.0;
				PRODUCT_BUNDLE_IDENTIFIER = "d.Tori-s-Forest";
				PRODUCT_NAME = "$(TARGET_NAME)";
				SWIFT_EMIT_LOC_STRINGS = YES;
				SWIFT_VERSION = 5.0;
				TARGETED_DEVICE_FAMILY = "1,2";
			};
			name = Debug;
		};
		13E09BC92A2AD971009543C6 /* Release */ = {
			isa = XCBuildConfiguration;
			buildSettings = {
				ASSETCATALOG_COMPILER_APPICON_NAME = AppIcon;
				ASSETCATALOG_COMPILER_GLOBAL_ACCENT_COLOR_NAME = AccentColor;
				CODE_SIGN_STYLE = Automatic;
				CURRENT_PROJECT_VERSION = 1;
				DEVELOPMENT_ASSET_PATHS = "\"Tori's Forest/Preview Content\"";
				DEVELOPMENT_TEAM = 34K3V5D9X5;
				ENABLE_PREVIEWS = YES;
				GENERATE_INFOPLIST_FILE = YES;
				INFOPLIST_KEY_NSCameraUsageDescription = "";
				INFOPLIST_KEY_UIApplicationSceneManifest_Generation = YES;
				INFOPLIST_KEY_UIApplicationSupportsIndirectInputEvents = YES;
				INFOPLIST_KEY_UILaunchScreen_Generation = YES;
				INFOPLIST_KEY_UISupportedInterfaceOrientations_iPad = "UIInterfaceOrientationPortrait UIInterfaceOrientationPortraitUpsideDown UIInterfaceOrientationLandscapeLeft UIInterfaceOrientationLandscapeRight";
				INFOPLIST_KEY_UISupportedInterfaceOrientations_iPhone = "UIInterfaceOrientationPortrait UIInterfaceOrientationLandscapeLeft UIInterfaceOrientationLandscapeRight";
				LD_RUNPATH_SEARCH_PATHS = (
					"$(inherited)",
					"@executable_path/Frameworks",
				);
				MARKETING_VERSION = 1.0;
				PRODUCT_BUNDLE_IDENTIFIER = "d.Tori-s-Forest";
				PRODUCT_NAME = "$(TARGET_NAME)";
				SWIFT_EMIT_LOC_STRINGS = YES;
				SWIFT_VERSION = 5.0;
				TARGETED_DEVICE_FAMILY = "1,2";
			};
			name = Release;
		};
/* End XCBuildConfiguration section */

/* Begin XCConfigurationList section */
		13E09BB42A2AD970009543C6 /* Build configuration list for PBXProject "Tori's Forest" */ = {
			isa = XCConfigurationList;
			buildConfigurations = (
				13E09BC52A2AD971009543C6 /* Debug */,
				13E09BC62A2AD971009543C6 /* Release */,
			);
			defaultConfigurationIsVisible = 0;
			defaultConfigurationName = Release;
		};
		13E09BC72A2AD971009543C6 /* Build configuration list for PBXNativeTarget "Tori's Forest" */ = {
			isa = XCConfigurationList;
			buildConfigurations = (
				13E09BC82A2AD971009543C6 /* Debug */,
				13E09BC92A2AD971009543C6 /* Release */,
			);
			defaultConfigurationIsVisible = 0;
			defaultConfigurationName = Release;
		};
/* End XCConfigurationList section */
	};
	rootObject = 13E09BB12A2AD970009543C6 /* Project object */;
}
