// !$*UTF8*$!
{
	archiveVersion = 1;
	classes = {
	};
	objectVersion = 56;
	objects = {

/* Begin PBXBuildFile section */
		0E343AB32A37FB32006DB1CB /* Tori_s_Forest_forApp.swift in Sources */ = {isa = PBXBuildFile; fileRef = 0E343AB22A37FB32006DB1CB /* Tori_s_Forest_forApp.swift */; };
		0E343AB52A37FB32006DB1CB /* ContentView.swift in Sources */ = {isa = PBXBuildFile; fileRef = 0E343AB42A37FB32006DB1CB /* ContentView.swift */; };
		0E343AB72A37FB33006DB1CB /* Assets.xcassets in Resources */ = {isa = PBXBuildFile; fileRef = 0E343AB62A37FB33006DB1CB /* Assets.xcassets */; };
		0E343ABA2A37FB33006DB1CB /* Preview Assets.xcassets in Resources */ = {isa = PBXBuildFile; fileRef = 0E343AB92A37FB33006DB1CB /* Preview Assets.xcassets */; };
		0E343ABD2A37FB33006DB1CB /* Tori's Forest for Watch App.app in Embed Watch Content */ = {isa = PBXBuildFile; fileRef = 0E343AB02A37FB32006DB1CB /* Tori's Forest for Watch App.app */; settings = {ATTRIBUTES = (RemoveHeadersOnCopy, ); }; };
		0E343AC22A37FC5C006DB1CB /* ViewModelWatch.swift in Sources */ = {isa = PBXBuildFile; fileRef = 0E343AC12A37FC5C006DB1CB /* ViewModelWatch.swift */; };
		0E343AC42A37FC6D006DB1CB /* ViewModelPhone.swift in Sources */ = {isa = PBXBuildFile; fileRef = 0E343AC32A37FC6D006DB1CB /* ViewModelPhone.swift */; };
		0E343AEF2A3916A1006DB1CB /* ARContentView.swift in Sources */ = {isa = PBXBuildFile; fileRef = 0E343AEE2A3916A1006DB1CB /* ARContentView.swift */; };
		0E343AF12A3916B7006DB1CB /* RealityKitView.swift in Sources */ = {isa = PBXBuildFile; fileRef = 0E343AF02A3916B7006DB1CB /* RealityKitView.swift */; };
		0E343AF42A3916CE006DB1CB /* FocusEntity in Frameworks */ = {isa = PBXBuildFile; productRef = 0E343AF32A3916CE006DB1CB /* FocusEntity */; };
		0E343AFB2A39177B006DB1CB /* ground_dandelion.usdz in Resources */ = {isa = PBXBuildFile; fileRef = 0E343AF62A39177B006DB1CB /* ground_dandelion.usdz */; };
		0E343AFC2A39177B006DB1CB /* ground_none.usdz in Resources */ = {isa = PBXBuildFile; fileRef = 0E343AF72A39177B006DB1CB /* ground_none.usdz */; };
		0E343AFD2A39177B006DB1CB /* ground_maple.usdz in Resources */ = {isa = PBXBuildFile; fileRef = 0E343AF82A39177B006DB1CB /* ground_maple.usdz */; };
		0E343AFE2A39177B006DB1CB /* ground_cottontree.usdz in Resources */ = {isa = PBXBuildFile; fileRef = 0E343AF92A39177B006DB1CB /* ground_cottontree.usdz */; };
		0E343AFF2A39177B006DB1CB /* ground_cactus.usdz in Resources */ = {isa = PBXBuildFile; fileRef = 0E343AFA2A39177B006DB1CB /* ground_cactus.usdz */; };
		0EE4578E2A3155AB00B2B8FC /* PlantSceneView.swift in Sources */ = {isa = PBXBuildFile; fileRef = 0EE4578D2A3155AB00B2B8FC /* PlantSceneView.swift */; };
		0EE457902A3157B600B2B8FC /* GardenSceneView.swift in Sources */ = {isa = PBXBuildFile; fileRef = 0EE4578F2A3157B600B2B8FC /* GardenSceneView.swift */; };
		0EE457922A315A9000B2B8FC /* Garden.swift in Sources */ = {isa = PBXBuildFile; fileRef = 0EE457912A315A9000B2B8FC /* Garden.swift */; };
		135FD7D82A38750E00A99A50 /* SplashView.swift in Sources */ = {isa = PBXBuildFile; fileRef = 135FD7D72A38750E00A99A50 /* SplashView.swift */; };
		135FD7DB2A38753D00A99A50 /* OnboardingViewModel.swift in Sources */ = {isa = PBXBuildFile; fileRef = 135FD7DA2A38753D00A99A50 /* OnboardingViewModel.swift */; };
		135FD7DD2A38755000A99A50 /* Onboarding1.swift in Sources */ = {isa = PBXBuildFile; fileRef = 135FD7DC2A38755000A99A50 /* Onboarding1.swift */; };
		135FD7DF2A38761800A99A50 /* OnboardingView.swift in Sources */ = {isa = PBXBuildFile; fileRef = 135FD7DE2A38761800A99A50 /* OnboardingView.swift */; };
		135FD7E12A38762E00A99A50 /* Onboarding2.swift in Sources */ = {isa = PBXBuildFile; fileRef = 135FD7E02A38762E00A99A50 /* Onboarding2.swift */; };
		135FD7E32A38765900A99A50 /* Onboarding3.swift in Sources */ = {isa = PBXBuildFile; fileRef = 135FD7E22A38765900A99A50 /* Onboarding3.swift */; };
		135FD7E52A38767300A99A50 /* OnboardingTap.swift in Sources */ = {isa = PBXBuildFile; fileRef = 135FD7E42A38767300A99A50 /* OnboardingTap.swift */; };
		135FD7E72A38774700A99A50 /* Notification.swift in Sources */ = {isa = PBXBuildFile; fileRef = 135FD7E62A38774700A99A50 /* Notification.swift */; };
		135FD7F12A39073C00A99A50 /* OnboardingSkipBtn.swift in Sources */ = {isa = PBXBuildFile; fileRef = 135FD7F02A39073C00A99A50 /* OnboardingSkipBtn.swift */; };
		13E09BBD2A2AD970009543C6 /* Tori_s_ForestApp.swift in Sources */ = {isa = PBXBuildFile; fileRef = 13E09BBC2A2AD970009543C6 /* Tori_s_ForestApp.swift */; };
		13E09BC12A2AD971009543C6 /* Assets.xcassets in Resources */ = {isa = PBXBuildFile; fileRef = 13E09BC02A2AD971009543C6 /* Assets.xcassets */; };
		13E09BC42A2AD971009543C6 /* Preview Assets.xcassets in Resources */ = {isa = PBXBuildFile; fileRef = 13E09BC32A2AD971009543C6 /* Preview Assets.xcassets */; };
		5B254FAE2A2CCC3500E426EE /* MainView.swift in Sources */ = {isa = PBXBuildFile; fileRef = 5B254FAD2A2CCC3500E426EE /* MainView.swift */; };
		5B254FB02A2CCD9D00E426EE /* MessageBox.swift in Sources */ = {isa = PBXBuildFile; fileRef = 5B254FAF2A2CCD9D00E426EE /* MessageBox.swift */; };
		5B254FB22A2CCFB200E426EE /* PlantPotView.swift in Sources */ = {isa = PBXBuildFile; fileRef = 5B254FB12A2CCFB200E426EE /* PlantPotView.swift */; };
		5B254FB42A2CD1C600E426EE /* MissionBox.swift in Sources */ = {isa = PBXBuildFile; fileRef = 5B254FB32A2CD1C600E426EE /* MissionBox.swift */; };
		5B254FB62A2CD5CD00E426EE /* PlantSelectView.swift in Sources */ = {isa = PBXBuildFile; fileRef = 5B254FB52A2CD5CD00E426EE /* PlantSelectView.swift */; };
		5B254FBE2A2CEE2300E426EE /* GardenView.swift in Sources */ = {isa = PBXBuildFile; fileRef = 5B254FBD2A2CEE2300E426EE /* GardenView.swift */; };
		5B254FC02A2CEEEF00E426EE /* PlantHistoryView.swift in Sources */ = {isa = PBXBuildFile; fileRef = 5B254FBF2A2CEEEF00E426EE /* PlantHistoryView.swift */; };
		5B254FC22A2D1A6C00E426EE /* ChapterOverView.swift in Sources */ = {isa = PBXBuildFile; fileRef = 5B254FC12A2D1A6C00E426EE /* ChapterOverView.swift */; };
		5B254FC42A2DF98300E426EE /* CustomProgressBar.swift in Sources */ = {isa = PBXBuildFile; fileRef = 5B254FC32A2DF98300E426EE /* CustomProgressBar.swift */; };
		5B254FC62A2E00C700E426EE /* DiaryView.swift in Sources */ = {isa = PBXBuildFile; fileRef = 5B254FC52A2E00C700E426EE /* DiaryView.swift */; };
		5B6FE3712A340D8100B86712 /* UserDefault.swift in Sources */ = {isa = PBXBuildFile; fileRef = 5B6FE3702A340D8100B86712 /* UserDefault.swift */; };
		5B6FE3792A34B0D600B86712 /* DataModel.xcdatamodeld in Sources */ = {isa = PBXBuildFile; fileRef = 5B6FE3772A34B0D600B86712 /* DataModel.xcdatamodeld */; };
		5B6FE38D2A34CDB600B86712 /* Dialog.csv in Resources */ = {isa = PBXBuildFile; fileRef = 5B6FE3882A34CDB600B86712 /* Dialog.csv */; };
		5B6FE38E2A34CDB600B86712 /* Chapter.csv in Resources */ = {isa = PBXBuildFile; fileRef = 5B6FE3892A34CDB600B86712 /* Chapter.csv */; };
		5B6FE38F2A34CDB600B86712 /* Plant.csv in Resources */ = {isa = PBXBuildFile; fileRef = 5B6FE38A2A34CDB600B86712 /* Plant.csv */; };
		5B6FE3902A34CDB600B86712 /* Mission.csv in Resources */ = {isa = PBXBuildFile; fileRef = 5B6FE38B2A34CDB600B86712 /* Mission.csv */; };
		5B6FE3912A34CDB600B86712 /* Post.csv in Resources */ = {isa = PBXBuildFile; fileRef = 5B6FE38C2A34CDB600B86712 /* Post.csv */; };
		5BA14FAE2A3778620042D6A4 /* PopupView in Frameworks */ = {isa = PBXBuildFile; productRef = 5BA14FAD2A3778620042D6A4 /* PopupView */; };
		5BCD49AD2A3554200058079D /* STR_3D_cactus_2.dae in Resources */ = {isa = PBXBuildFile; fileRef = 5BCD49822A3554200058079D /* STR_3D_cactus_2.dae */; };
		5BCD49AE2A3554200058079D /* STR_3D_cactus_3.dae in Resources */ = {isa = PBXBuildFile; fileRef = 5BCD49832A3554200058079D /* STR_3D_cactus_3.dae */; };
		5BCD49AF2A3554200058079D /* STR_3D_cactus_1.dae in Resources */ = {isa = PBXBuildFile; fileRef = 5BCD49842A3554200058079D /* STR_3D_cactus_1.dae */; };
		5BCD49B02A3554200058079D /* STR_3D_emptypot.dae in Resources */ = {isa = PBXBuildFile; fileRef = 5BCD49852A3554200058079D /* STR_3D_emptypot.dae */; };
		5BCD49B12A3554200058079D /* STR_3D_freesia.dae in Resources */ = {isa = PBXBuildFile; fileRef = 5BCD49872A3554200058079D /* STR_3D_freesia.dae */; };
		5BCD49B22A3554200058079D /* STR_3D_cotton_1.dae in Resources */ = {isa = PBXBuildFile; fileRef = 5BCD49892A3554200058079D /* STR_3D_cotton_1.dae */; };
		5BCD49B32A3554200058079D /* STR_3D_cotton_3.dae in Resources */ = {isa = PBXBuildFile; fileRef = 5BCD498A2A3554200058079D /* STR_3D_cotton_3.dae */; };
		5BCD49B42A3554200058079D /* STR_3D_cotton_2.dae in Resources */ = {isa = PBXBuildFile; fileRef = 5BCD498B2A3554200058079D /* STR_3D_cotton_2.dae */; };
		5BCD49B52A3554200058079D /* STR_3D_gardenground.dae in Resources */ = {isa = PBXBuildFile; fileRef = 5BCD498C2A3554200058079D /* STR_3D_gardenground.dae */; };
		5BCD49B62A3554200058079D /* STR_3D_dandelion_animation_3.dae in Resources */ = {isa = PBXBuildFile; fileRef = 5BCD498F2A3554200058079D /* STR_3D_dandelion_animation_3.dae */; };
		5BCD49B72A3554200058079D /* STR_3D_dandelion_animation_2.dae in Resources */ = {isa = PBXBuildFile; fileRef = 5BCD49902A3554200058079D /* STR_3D_dandelion_animation_2.dae */; };
		5BCD49B82A3554200058079D /* STR_3D_dandelion_animation_1.dae in Resources */ = {isa = PBXBuildFile; fileRef = 5BCD49912A3554200058079D /* STR_3D_dandelion_animation_1.dae */; };
		5BCD49BD2A3554200058079D /* STR_3D_cactus_animation_1.dae in Resources */ = {isa = PBXBuildFile; fileRef = 5BCD49982A3554200058079D /* STR_3D_cactus_animation_1.dae */; };
		5BCD49BE2A3554200058079D /* STR_3D_cactus_animation_3.dae in Resources */ = {isa = PBXBuildFile; fileRef = 5BCD49992A3554200058079D /* STR_3D_cactus_animation_3.dae */; };
		5BCD49BF2A3554200058079D /* STR_3D_cactus_animation_2.dae in Resources */ = {isa = PBXBuildFile; fileRef = 5BCD499A2A3554200058079D /* STR_3D_cactus_animation_2.dae */; };
		5BCD49C02A3554200058079D /* STR_3D_cottontree_animation_1.dae in Resources */ = {isa = PBXBuildFile; fileRef = 5BCD499C2A3554200058079D /* STR_3D_cottontree_animation_1.dae */; };
		5BCD49C12A3554200058079D /* STR_3D_cottontree_animation_2.dae in Resources */ = {isa = PBXBuildFile; fileRef = 5BCD499D2A3554200058079D /* STR_3D_cottontree_animation_2.dae */; };
		5BCD49C22A3554200058079D /* STR_3D_cottontree_animation_3.dae in Resources */ = {isa = PBXBuildFile; fileRef = 5BCD499E2A3554200058079D /* STR_3D_cottontree_animation_3.dae */; };
		5BCD49C32A3554200058079D /* STR_3D_maple_animation_3.dae in Resources */ = {isa = PBXBuildFile; fileRef = 5BCD49A02A3554200058079D /* STR_3D_maple_animation_3.dae */; };
		5BCD49C42A3554200058079D /* STR_3D_maple_animation_2.dae in Resources */ = {isa = PBXBuildFile; fileRef = 5BCD49A12A3554200058079D /* STR_3D_maple_animation_2.dae */; };
		5BCD49C52A3554200058079D /* STR_3D_maple_animation_1.dae in Resources */ = {isa = PBXBuildFile; fileRef = 5BCD49A22A3554200058079D /* STR_3D_maple_animation_1.dae */; };
		5BCD49C62A3554200058079D /* STR_3D_freesia_animation.dae in Resources */ = {isa = PBXBuildFile; fileRef = 5BCD49A32A3554200058079D /* STR_3D_freesia_animation.dae */; };
		5BCD49C72A3554200058079D /* STR_3D_maple_2.dae in Resources */ = {isa = PBXBuildFile; fileRef = 5BCD49A52A3554200058079D /* STR_3D_maple_2.dae */; };
		5BCD49C82A3554200058079D /* STR_3D_maple_3.dae in Resources */ = {isa = PBXBuildFile; fileRef = 5BCD49A62A3554200058079D /* STR_3D_maple_3.dae */; };
		5BCD49C92A3554200058079D /* STR_3D_maple_1.dae in Resources */ = {isa = PBXBuildFile; fileRef = 5BCD49A72A3554200058079D /* STR_3D_maple_1.dae */; };
		5BCD49CA2A3554200058079D /* dandelion.png in Resources */ = {isa = PBXBuildFile; fileRef = 5BCD49A92A3554200058079D /* dandelion.png */; };
		5BCD49CB2A3554200058079D /* STR_3D_dandelion_3.dae in Resources */ = {isa = PBXBuildFile; fileRef = 5BCD49AA2A3554200058079D /* STR_3D_dandelion_3.dae */; };
		5BCD49CC2A3554200058079D /* STR_3D_dandelion_2.dae in Resources */ = {isa = PBXBuildFile; fileRef = 5BCD49AB2A3554200058079D /* STR_3D_dandelion_2.dae */; };
		5BCD49CD2A3554200058079D /* STR_3D_dandelion_1.dae in Resources */ = {isa = PBXBuildFile; fileRef = 5BCD49AC2A3554200058079D /* STR_3D_dandelion_1.dae */; };
		5BCD49CF2A3554C20058079D /* STR_3D_emptypot.scn in Resources */ = {isa = PBXBuildFile; fileRef = 5BCD49CE2A3554C20058079D /* STR_3D_emptypot.scn */; };
		5BCD49D12A3554CB0058079D /* STR_3D_gardenground.scn in Resources */ = {isa = PBXBuildFile; fileRef = 5BCD49D02A3554CB0058079D /* STR_3D_gardenground.scn */; };
		5BCD49D32A35A1830058079D /* STR_3D_dandelion_3.scn in Resources */ = {isa = PBXBuildFile; fileRef = 5BCD49D22A35A1830058079D /* STR_3D_dandelion_3.scn */; };
		5BCD49D52A35A1890058079D /* STR_3D_dandelion_2.scn in Resources */ = {isa = PBXBuildFile; fileRef = 5BCD49D42A35A1890058079D /* STR_3D_dandelion_2.scn */; };
		5BCD49D72A35A1900058079D /* STR_3D_dandelion_1.scn in Resources */ = {isa = PBXBuildFile; fileRef = 5BCD49D62A35A1900058079D /* STR_3D_dandelion_1.scn */; };
		5BCD49D92A35A1960058079D /* STR_3D_maple_1.scn in Resources */ = {isa = PBXBuildFile; fileRef = 5BCD49D82A35A1960058079D /* STR_3D_maple_1.scn */; };
		5BCD49DB2A35A19C0058079D /* STR_3D_maple_3.scn in Resources */ = {isa = PBXBuildFile; fileRef = 5BCD49DA2A35A19C0058079D /* STR_3D_maple_3.scn */; };
		5BCD49DD2A35A1A10058079D /* STR_3D_maple_2.scn in Resources */ = {isa = PBXBuildFile; fileRef = 5BCD49DC2A35A1A10058079D /* STR_3D_maple_2.scn */; };
		5BCD49DF2A35A1A90058079D /* STR_3D_cactus_1.scn in Resources */ = {isa = PBXBuildFile; fileRef = 5BCD49DE2A35A1A90058079D /* STR_3D_cactus_1.scn */; };
		5BCD49E12A35A1AF0058079D /* STR_3D_cactus_3.scn in Resources */ = {isa = PBXBuildFile; fileRef = 5BCD49E02A35A1AF0058079D /* STR_3D_cactus_3.scn */; };
		5BCD49E32A35A1B90058079D /* STR_3D_cactus_2.scn in Resources */ = {isa = PBXBuildFile; fileRef = 5BCD49E22A35A1B90058079D /* STR_3D_cactus_2.scn */; };
		5BCD49E52A35A2440058079D /* STR_3D_dandelion_animation_3.scn in Resources */ = {isa = PBXBuildFile; fileRef = 5BCD49E42A35A2440058079D /* STR_3D_dandelion_animation_3.scn */; };
		5BCD49E72A35A24B0058079D /* STR_3D_dandelion_animation_2.scn in Resources */ = {isa = PBXBuildFile; fileRef = 5BCD49E62A35A24B0058079D /* STR_3D_dandelion_animation_2.scn */; };
		5BCD49E92A35A2500058079D /* STR_3D_dandelion_animation_1.scn in Resources */ = {isa = PBXBuildFile; fileRef = 5BCD49E82A35A2500058079D /* STR_3D_dandelion_animation_1.scn */; };
		5BCD49F32A35A2750058079D /* STR_3D_cactus_animation_1.scn in Resources */ = {isa = PBXBuildFile; fileRef = 5BCD49F22A35A2750058079D /* STR_3D_cactus_animation_1.scn */; };
		5BCD49F52A35A27A0058079D /* STR_3D_cactus_animation_3.scn in Resources */ = {isa = PBXBuildFile; fileRef = 5BCD49F42A35A27A0058079D /* STR_3D_cactus_animation_3.scn */; };
		5BCD49F72A35A27F0058079D /* STR_3D_cactus_animation_2.scn in Resources */ = {isa = PBXBuildFile; fileRef = 5BCD49F62A35A27F0058079D /* STR_3D_cactus_animation_2.scn */; };
		5BCD49F92A35A2860058079D /* STR_3D_cottontree_animation_1.scn in Resources */ = {isa = PBXBuildFile; fileRef = 5BCD49F82A35A2860058079D /* STR_3D_cottontree_animation_1.scn */; };
		5BCD49FB2A35A28A0058079D /* STR_3D_cottontree_animation_2.scn in Resources */ = {isa = PBXBuildFile; fileRef = 5BCD49FA2A35A28A0058079D /* STR_3D_cottontree_animation_2.scn */; };
		5BCD49FD2A35A28F0058079D /* STR_3D_cottontree_animation_3.scn in Resources */ = {isa = PBXBuildFile; fileRef = 5BCD49FC2A35A28F0058079D /* STR_3D_cottontree_animation_3.scn */; };
		5BCD49FF2A35A2960058079D /* STR_3D_maple_animation_3.scn in Resources */ = {isa = PBXBuildFile; fileRef = 5BCD49FE2A35A2960058079D /* STR_3D_maple_animation_3.scn */; };
		5BCD4A012A35A29A0058079D /* STR_3D_maple_animation_2.scn in Resources */ = {isa = PBXBuildFile; fileRef = 5BCD4A002A35A29A0058079D /* STR_3D_maple_animation_2.scn */; };
		5BCD4A032A35A29E0058079D /* STR_3D_maple_animation_1.scn in Resources */ = {isa = PBXBuildFile; fileRef = 5BCD4A022A35A29E0058079D /* STR_3D_maple_animation_1.scn */; };
		5BCD4A052A35A2A40058079D /* STR_3D_freesia_animation.scn in Resources */ = {isa = PBXBuildFile; fileRef = 5BCD4A042A35A2A40058079D /* STR_3D_freesia_animation.scn */; };
		5BE4D2ED2A37F01600348CD2 /* STR_3D_maple_garden_animation.dae in Resources */ = {isa = PBXBuildFile; fileRef = 5BE4D2E52A37F01600348CD2 /* STR_3D_maple_garden_animation.dae */; };
		5BE4D2EE2A37F01600348CD2 /* STR_3D_cactus_garden_animation.scn in Resources */ = {isa = PBXBuildFile; fileRef = 5BE4D2E62A37F01600348CD2 /* STR_3D_cactus_garden_animation.scn */; };
		5BE4D2EF2A37F01600348CD2 /* STR_3D_dandelion_garden_animation.scn in Resources */ = {isa = PBXBuildFile; fileRef = 5BE4D2E72A37F01600348CD2 /* STR_3D_dandelion_garden_animation.scn */; };
		5BE4D2F02A37F01600348CD2 /* STR_3D_cottontree_garden_animation.dae in Resources */ = {isa = PBXBuildFile; fileRef = 5BE4D2E82A37F01600348CD2 /* STR_3D_cottontree_garden_animation.dae */; };
		5BE4D2F12A37F01600348CD2 /* STR_3D_maple_garden_animation.scn in Resources */ = {isa = PBXBuildFile; fileRef = 5BE4D2E92A37F01600348CD2 /* STR_3D_maple_garden_animation.scn */; };
		5BE4D2F22A37F01600348CD2 /* STR_3D_cactus_garden_animation.dae in Resources */ = {isa = PBXBuildFile; fileRef = 5BE4D2EA2A37F01600348CD2 /* STR_3D_cactus_garden_animation.dae */; };
		5BE4D2F32A37F01600348CD2 /* STR_3D_dandelion_garden_animation.dae in Resources */ = {isa = PBXBuildFile; fileRef = 5BE4D2EB2A37F01600348CD2 /* STR_3D_dandelion_garden_animation.dae */; };
		5BE4D2F42A37F01600348CD2 /* STR_3D_cottontree_garden_animation.scn in Resources */ = {isa = PBXBuildFile; fileRef = 5BE4D2EC2A37F01600348CD2 /* STR_3D_cottontree_garden_animation.scn */; };
/* End PBXBuildFile section */

/* Begin PBXContainerItemProxy section */
		0E343ABB2A37FB33006DB1CB /* PBXContainerItemProxy */ = {
			isa = PBXContainerItemProxy;
			containerPortal = 13E09BB12A2AD970009543C6 /* Project object */;
			proxyType = 1;
			remoteGlobalIDString = 0E343AAF2A37FB32006DB1CB;
			remoteInfo = "Tori's Forest for Watch App";
		};
/* End PBXContainerItemProxy section */

/* Begin PBXCopyFilesBuildPhase section */
		0E343AA82A37FAFB006DB1CB /* Embed Watch Content */ = {
			isa = PBXCopyFilesBuildPhase;
			buildActionMask = 2147483647;
			dstPath = "$(CONTENTS_FOLDER_PATH)/Watch";
			dstSubfolderSpec = 16;
			files = (
				0E343ABD2A37FB33006DB1CB /* Tori's Forest for Watch App.app in Embed Watch Content */,
			);
			name = "Embed Watch Content";
			runOnlyForDeploymentPostprocessing = 0;
		};
/* End PBXCopyFilesBuildPhase section */

/* Begin PBXFileReference section */
		0E343AB02A37FB32006DB1CB /* Tori's Forest for Watch App.app */ = {isa = PBXFileReference; explicitFileType = wrapper.application; includeInIndex = 0; path = "Tori's Forest for Watch App.app"; sourceTree = BUILT_PRODUCTS_DIR; };
		0E343AB22A37FB32006DB1CB /* Tori_s_Forest_forApp.swift */ = {isa = PBXFileReference; lastKnownFileType = sourcecode.swift; path = Tori_s_Forest_forApp.swift; sourceTree = "<group>"; };
		0E343AB42A37FB32006DB1CB /* ContentView.swift */ = {isa = PBXFileReference; lastKnownFileType = sourcecode.swift; path = ContentView.swift; sourceTree = "<group>"; };
		0E343AB62A37FB33006DB1CB /* Assets.xcassets */ = {isa = PBXFileReference; lastKnownFileType = folder.assetcatalog; path = Assets.xcassets; sourceTree = "<group>"; };
		0E343AB92A37FB33006DB1CB /* Preview Assets.xcassets */ = {isa = PBXFileReference; lastKnownFileType = folder.assetcatalog; path = "Preview Assets.xcassets"; sourceTree = "<group>"; };
		0E343AC12A37FC5C006DB1CB /* ViewModelWatch.swift */ = {isa = PBXFileReference; lastKnownFileType = sourcecode.swift; path = ViewModelWatch.swift; sourceTree = "<group>"; };
		0E343AC32A37FC6D006DB1CB /* ViewModelPhone.swift */ = {isa = PBXFileReference; lastKnownFileType = sourcecode.swift; path = ViewModelPhone.swift; sourceTree = "<group>"; };
		0E343AEE2A3916A1006DB1CB /* ARContentView.swift */ = {isa = PBXFileReference; lastKnownFileType = sourcecode.swift; path = ARContentView.swift; sourceTree = "<group>"; };
		0E343AF02A3916B7006DB1CB /* RealityKitView.swift */ = {isa = PBXFileReference; lastKnownFileType = sourcecode.swift; path = RealityKitView.swift; sourceTree = "<group>"; };
		0E343AF62A39177B006DB1CB /* ground_dandelion.usdz */ = {isa = PBXFileReference; lastKnownFileType = file.usdz; path = ground_dandelion.usdz; sourceTree = "<group>"; };
		0E343AF72A39177B006DB1CB /* ground_none.usdz */ = {isa = PBXFileReference; lastKnownFileType = file.usdz; path = ground_none.usdz; sourceTree = "<group>"; };
		0E343AF82A39177B006DB1CB /* ground_maple.usdz */ = {isa = PBXFileReference; lastKnownFileType = file.usdz; path = ground_maple.usdz; sourceTree = "<group>"; };
		0E343AF92A39177B006DB1CB /* ground_cottontree.usdz */ = {isa = PBXFileReference; lastKnownFileType = file.usdz; path = ground_cottontree.usdz; sourceTree = "<group>"; };
		0E343AFA2A39177B006DB1CB /* ground_cactus.usdz */ = {isa = PBXFileReference; lastKnownFileType = file.usdz; path = ground_cactus.usdz; sourceTree = "<group>"; };
		0EE4578D2A3155AB00B2B8FC /* PlantSceneView.swift */ = {isa = PBXFileReference; lastKnownFileType = sourcecode.swift; path = PlantSceneView.swift; sourceTree = "<group>"; };
		0EE4578F2A3157B600B2B8FC /* GardenSceneView.swift */ = {isa = PBXFileReference; lastKnownFileType = sourcecode.swift; path = GardenSceneView.swift; sourceTree = "<group>"; };
		0EE457912A315A9000B2B8FC /* Garden.swift */ = {isa = PBXFileReference; lastKnownFileType = sourcecode.swift; path = Garden.swift; sourceTree = "<group>"; };
		135FD7D72A38750E00A99A50 /* SplashView.swift */ = {isa = PBXFileReference; lastKnownFileType = sourcecode.swift; path = SplashView.swift; sourceTree = "<group>"; };
		135FD7DA2A38753D00A99A50 /* OnboardingViewModel.swift */ = {isa = PBXFileReference; lastKnownFileType = sourcecode.swift; path = OnboardingViewModel.swift; sourceTree = "<group>"; };
		135FD7DC2A38755000A99A50 /* Onboarding1.swift */ = {isa = PBXFileReference; lastKnownFileType = sourcecode.swift; path = Onboarding1.swift; sourceTree = "<group>"; };
		135FD7DE2A38761800A99A50 /* OnboardingView.swift */ = {isa = PBXFileReference; lastKnownFileType = sourcecode.swift; path = OnboardingView.swift; sourceTree = "<group>"; };
		135FD7E02A38762E00A99A50 /* Onboarding2.swift */ = {isa = PBXFileReference; lastKnownFileType = sourcecode.swift; path = Onboarding2.swift; sourceTree = "<group>"; };
		135FD7E22A38765900A99A50 /* Onboarding3.swift */ = {isa = PBXFileReference; lastKnownFileType = sourcecode.swift; path = Onboarding3.swift; sourceTree = "<group>"; };
		135FD7E42A38767300A99A50 /* OnboardingTap.swift */ = {isa = PBXFileReference; lastKnownFileType = sourcecode.swift; path = OnboardingTap.swift; sourceTree = "<group>"; };
		135FD7E62A38774700A99A50 /* Notification.swift */ = {isa = PBXFileReference; lastKnownFileType = sourcecode.swift; path = Notification.swift; sourceTree = "<group>"; };
		135FD7F02A39073C00A99A50 /* OnboardingSkipBtn.swift */ = {isa = PBXFileReference; lastKnownFileType = sourcecode.swift; path = OnboardingSkipBtn.swift; sourceTree = "<group>"; };
		13E09BB92A2AD970009543C6 /* Tori's Forest.app */ = {isa = PBXFileReference; explicitFileType = wrapper.application; includeInIndex = 0; path = "Tori's Forest.app"; sourceTree = BUILT_PRODUCTS_DIR; };
		13E09BBC2A2AD970009543C6 /* Tori_s_ForestApp.swift */ = {isa = PBXFileReference; lastKnownFileType = sourcecode.swift; path = Tori_s_ForestApp.swift; sourceTree = "<group>"; };
		13E09BC02A2AD971009543C6 /* Assets.xcassets */ = {isa = PBXFileReference; lastKnownFileType = folder.assetcatalog; path = Assets.xcassets; sourceTree = "<group>"; };
		13E09BC32A2AD971009543C6 /* Preview Assets.xcassets */ = {isa = PBXFileReference; lastKnownFileType = folder.assetcatalog; path = "Preview Assets.xcassets"; sourceTree = "<group>"; };
		5B254FAD2A2CCC3500E426EE /* MainView.swift */ = {isa = PBXFileReference; lastKnownFileType = sourcecode.swift; path = MainView.swift; sourceTree = "<group>"; };
		5B254FAF2A2CCD9D00E426EE /* MessageBox.swift */ = {isa = PBXFileReference; lastKnownFileType = sourcecode.swift; path = MessageBox.swift; sourceTree = "<group>"; };
		5B254FB12A2CCFB200E426EE /* PlantPotView.swift */ = {isa = PBXFileReference; lastKnownFileType = sourcecode.swift; path = PlantPotView.swift; sourceTree = "<group>"; };
		5B254FB32A2CD1C600E426EE /* MissionBox.swift */ = {isa = PBXFileReference; lastKnownFileType = sourcecode.swift; path = MissionBox.swift; sourceTree = "<group>"; };
		5B254FB52A2CD5CD00E426EE /* PlantSelectView.swift */ = {isa = PBXFileReference; lastKnownFileType = sourcecode.swift; path = PlantSelectView.swift; sourceTree = "<group>"; };
		5B254FBD2A2CEE2300E426EE /* GardenView.swift */ = {isa = PBXFileReference; lastKnownFileType = sourcecode.swift; path = GardenView.swift; sourceTree = "<group>"; };
		5B254FBF2A2CEEEF00E426EE /* PlantHistoryView.swift */ = {isa = PBXFileReference; lastKnownFileType = sourcecode.swift; path = PlantHistoryView.swift; sourceTree = "<group>"; };
		5B254FC12A2D1A6C00E426EE /* ChapterOverView.swift */ = {isa = PBXFileReference; lastKnownFileType = sourcecode.swift; path = ChapterOverView.swift; sourceTree = "<group>"; };
		5B254FC32A2DF98300E426EE /* CustomProgressBar.swift */ = {isa = PBXFileReference; lastKnownFileType = sourcecode.swift; path = CustomProgressBar.swift; sourceTree = "<group>"; };
		5B254FC52A2E00C700E426EE /* DiaryView.swift */ = {isa = PBXFileReference; lastKnownFileType = sourcecode.swift; path = DiaryView.swift; sourceTree = "<group>"; };
		5B6FE3702A340D8100B86712 /* UserDefault.swift */ = {isa = PBXFileReference; lastKnownFileType = sourcecode.swift; path = UserDefault.swift; sourceTree = "<group>"; };
		5B6FE3782A34B0D600B86712 /* DataModel.xcdatamodel */ = {isa = PBXFileReference; lastKnownFileType = wrapper.xcdatamodel; path = DataModel.xcdatamodel; sourceTree = "<group>"; };
		5B6FE3882A34CDB600B86712 /* Dialog.csv */ = {isa = PBXFileReference; fileEncoding = 4; lastKnownFileType = text; path = Dialog.csv; sourceTree = "<group>"; };
		5B6FE3892A34CDB600B86712 /* Chapter.csv */ = {isa = PBXFileReference; fileEncoding = 4; lastKnownFileType = text; path = Chapter.csv; sourceTree = "<group>"; };
		5B6FE38A2A34CDB600B86712 /* Plant.csv */ = {isa = PBXFileReference; fileEncoding = 4; lastKnownFileType = text; path = Plant.csv; sourceTree = "<group>"; };
		5B6FE38B2A34CDB600B86712 /* Mission.csv */ = {isa = PBXFileReference; fileEncoding = 4; lastKnownFileType = text; path = Mission.csv; sourceTree = "<group>"; };
		5B6FE38C2A34CDB600B86712 /* Post.csv */ = {isa = PBXFileReference; fileEncoding = 4; lastKnownFileType = text; path = Post.csv; sourceTree = "<group>"; };
		5BCD49822A3554200058079D /* STR_3D_cactus_2.dae */ = {isa = PBXFileReference; fileEncoding = 4; lastKnownFileType = text.xml.dae; path = STR_3D_cactus_2.dae; sourceTree = "<group>"; };
		5BCD49832A3554200058079D /* STR_3D_cactus_3.dae */ = {isa = PBXFileReference; fileEncoding = 4; lastKnownFileType = text.xml.dae; path = STR_3D_cactus_3.dae; sourceTree = "<group>"; };
		5BCD49842A3554200058079D /* STR_3D_cactus_1.dae */ = {isa = PBXFileReference; fileEncoding = 4; lastKnownFileType = text.xml.dae; path = STR_3D_cactus_1.dae; sourceTree = "<group>"; };
		5BCD49852A3554200058079D /* STR_3D_emptypot.dae */ = {isa = PBXFileReference; fileEncoding = 4; lastKnownFileType = text.xml.dae; path = STR_3D_emptypot.dae; sourceTree = "<group>"; };
		5BCD49872A3554200058079D /* STR_3D_freesia.dae */ = {isa = PBXFileReference; fileEncoding = 4; lastKnownFileType = text.xml.dae; path = STR_3D_freesia.dae; sourceTree = "<group>"; };
		5BCD49892A3554200058079D /* STR_3D_cotton_1.dae */ = {isa = PBXFileReference; fileEncoding = 4; lastKnownFileType = text.xml.dae; path = STR_3D_cotton_1.dae; sourceTree = "<group>"; };
		5BCD498A2A3554200058079D /* STR_3D_cotton_3.dae */ = {isa = PBXFileReference; fileEncoding = 4; lastKnownFileType = text.xml.dae; path = STR_3D_cotton_3.dae; sourceTree = "<group>"; };
		5BCD498B2A3554200058079D /* STR_3D_cotton_2.dae */ = {isa = PBXFileReference; fileEncoding = 4; lastKnownFileType = text.xml.dae; path = STR_3D_cotton_2.dae; sourceTree = "<group>"; };
		5BCD498C2A3554200058079D /* STR_3D_gardenground.dae */ = {isa = PBXFileReference; fileEncoding = 4; lastKnownFileType = text.xml.dae; path = STR_3D_gardenground.dae; sourceTree = "<group>"; };
		5BCD498F2A3554200058079D /* STR_3D_dandelion_animation_3.dae */ = {isa = PBXFileReference; fileEncoding = 4; lastKnownFileType = text.xml.dae; path = STR_3D_dandelion_animation_3.dae; sourceTree = "<group>"; };
		5BCD49902A3554200058079D /* STR_3D_dandelion_animation_2.dae */ = {isa = PBXFileReference; fileEncoding = 4; lastKnownFileType = text.xml.dae; path = STR_3D_dandelion_animation_2.dae; sourceTree = "<group>"; };
		5BCD49912A3554200058079D /* STR_3D_dandelion_animation_1.dae */ = {isa = PBXFileReference; fileEncoding = 4; lastKnownFileType = text.xml.dae; path = STR_3D_dandelion_animation_1.dae; sourceTree = "<group>"; };
		5BCD49982A3554200058079D /* STR_3D_cactus_animation_1.dae */ = {isa = PBXFileReference; fileEncoding = 4; lastKnownFileType = text.xml.dae; path = STR_3D_cactus_animation_1.dae; sourceTree = "<group>"; };
		5BCD49992A3554200058079D /* STR_3D_cactus_animation_3.dae */ = {isa = PBXFileReference; fileEncoding = 4; lastKnownFileType = text.xml.dae; path = STR_3D_cactus_animation_3.dae; sourceTree = "<group>"; };
		5BCD499A2A3554200058079D /* STR_3D_cactus_animation_2.dae */ = {isa = PBXFileReference; fileEncoding = 4; lastKnownFileType = text.xml.dae; path = STR_3D_cactus_animation_2.dae; sourceTree = "<group>"; };
		5BCD499C2A3554200058079D /* STR_3D_cottontree_animation_1.dae */ = {isa = PBXFileReference; fileEncoding = 4; lastKnownFileType = text.xml.dae; path = STR_3D_cottontree_animation_1.dae; sourceTree = "<group>"; };
		5BCD499D2A3554200058079D /* STR_3D_cottontree_animation_2.dae */ = {isa = PBXFileReference; fileEncoding = 4; lastKnownFileType = text.xml.dae; path = STR_3D_cottontree_animation_2.dae; sourceTree = "<group>"; };
		5BCD499E2A3554200058079D /* STR_3D_cottontree_animation_3.dae */ = {isa = PBXFileReference; fileEncoding = 4; lastKnownFileType = text.xml.dae; path = STR_3D_cottontree_animation_3.dae; sourceTree = "<group>"; };
		5BCD49A02A3554200058079D /* STR_3D_maple_animation_3.dae */ = {isa = PBXFileReference; fileEncoding = 4; lastKnownFileType = text.xml.dae; path = STR_3D_maple_animation_3.dae; sourceTree = "<group>"; };
		5BCD49A12A3554200058079D /* STR_3D_maple_animation_2.dae */ = {isa = PBXFileReference; fileEncoding = 4; lastKnownFileType = text.xml.dae; path = STR_3D_maple_animation_2.dae; sourceTree = "<group>"; };
		5BCD49A22A3554200058079D /* STR_3D_maple_animation_1.dae */ = {isa = PBXFileReference; fileEncoding = 4; lastKnownFileType = text.xml.dae; path = STR_3D_maple_animation_1.dae; sourceTree = "<group>"; };
		5BCD49A32A3554200058079D /* STR_3D_freesia_animation.dae */ = {isa = PBXFileReference; fileEncoding = 4; lastKnownFileType = text.xml.dae; path = STR_3D_freesia_animation.dae; sourceTree = "<group>"; };
		5BCD49A52A3554200058079D /* STR_3D_maple_2.dae */ = {isa = PBXFileReference; fileEncoding = 4; lastKnownFileType = text.xml.dae; path = STR_3D_maple_2.dae; sourceTree = "<group>"; };
		5BCD49A62A3554200058079D /* STR_3D_maple_3.dae */ = {isa = PBXFileReference; fileEncoding = 4; lastKnownFileType = text.xml.dae; path = STR_3D_maple_3.dae; sourceTree = "<group>"; };
		5BCD49A72A3554200058079D /* STR_3D_maple_1.dae */ = {isa = PBXFileReference; fileEncoding = 4; lastKnownFileType = text.xml.dae; path = STR_3D_maple_1.dae; sourceTree = "<group>"; };
		5BCD49A92A3554200058079D /* dandelion.png */ = {isa = PBXFileReference; lastKnownFileType = image.png; path = dandelion.png; sourceTree = "<group>"; };
		5BCD49AA2A3554200058079D /* STR_3D_dandelion_3.dae */ = {isa = PBXFileReference; fileEncoding = 4; lastKnownFileType = text.xml.dae; path = STR_3D_dandelion_3.dae; sourceTree = "<group>"; };
		5BCD49AB2A3554200058079D /* STR_3D_dandelion_2.dae */ = {isa = PBXFileReference; fileEncoding = 4; lastKnownFileType = text.xml.dae; path = STR_3D_dandelion_2.dae; sourceTree = "<group>"; };
		5BCD49AC2A3554200058079D /* STR_3D_dandelion_1.dae */ = {isa = PBXFileReference; fileEncoding = 4; lastKnownFileType = text.xml.dae; path = STR_3D_dandelion_1.dae; sourceTree = "<group>"; };
		5BCD49CE2A3554C20058079D /* STR_3D_emptypot.scn */ = {isa = PBXFileReference; lastKnownFileType = file.bplist; path = STR_3D_emptypot.scn; sourceTree = "<group>"; };
		5BCD49D02A3554CB0058079D /* STR_3D_gardenground.scn */ = {isa = PBXFileReference; lastKnownFileType = file.bplist; path = STR_3D_gardenground.scn; sourceTree = "<group>"; };
		5BCD49D22A35A1830058079D /* STR_3D_dandelion_3.scn */ = {isa = PBXFileReference; lastKnownFileType = file.bplist; path = STR_3D_dandelion_3.scn; sourceTree = "<group>"; };
		5BCD49D42A35A1890058079D /* STR_3D_dandelion_2.scn */ = {isa = PBXFileReference; lastKnownFileType = file.bplist; path = STR_3D_dandelion_2.scn; sourceTree = "<group>"; };
		5BCD49D62A35A1900058079D /* STR_3D_dandelion_1.scn */ = {isa = PBXFileReference; lastKnownFileType = file.bplist; path = STR_3D_dandelion_1.scn; sourceTree = "<group>"; };
		5BCD49D82A35A1960058079D /* STR_3D_maple_1.scn */ = {isa = PBXFileReference; lastKnownFileType = file.bplist; path = STR_3D_maple_1.scn; sourceTree = "<group>"; };
		5BCD49DA2A35A19C0058079D /* STR_3D_maple_3.scn */ = {isa = PBXFileReference; lastKnownFileType = file.bplist; path = STR_3D_maple_3.scn; sourceTree = "<group>"; };
		5BCD49DC2A35A1A10058079D /* STR_3D_maple_2.scn */ = {isa = PBXFileReference; lastKnownFileType = file.bplist; path = STR_3D_maple_2.scn; sourceTree = "<group>"; };
		5BCD49DE2A35A1A90058079D /* STR_3D_cactus_1.scn */ = {isa = PBXFileReference; lastKnownFileType = file.bplist; path = STR_3D_cactus_1.scn; sourceTree = "<group>"; };
		5BCD49E02A35A1AF0058079D /* STR_3D_cactus_3.scn */ = {isa = PBXFileReference; lastKnownFileType = file.bplist; path = STR_3D_cactus_3.scn; sourceTree = "<group>"; };
		5BCD49E22A35A1B90058079D /* STR_3D_cactus_2.scn */ = {isa = PBXFileReference; lastKnownFileType = file.bplist; path = STR_3D_cactus_2.scn; sourceTree = "<group>"; };
		5BCD49E42A35A2440058079D /* STR_3D_dandelion_animation_3.scn */ = {isa = PBXFileReference; lastKnownFileType = file.bplist; path = STR_3D_dandelion_animation_3.scn; sourceTree = "<group>"; };
		5BCD49E62A35A24B0058079D /* STR_3D_dandelion_animation_2.scn */ = {isa = PBXFileReference; lastKnownFileType = file.bplist; path = STR_3D_dandelion_animation_2.scn; sourceTree = "<group>"; };
		5BCD49E82A35A2500058079D /* STR_3D_dandelion_animation_1.scn */ = {isa = PBXFileReference; lastKnownFileType = file.bplist; path = STR_3D_dandelion_animation_1.scn; sourceTree = "<group>"; };
		5BCD49F22A35A2750058079D /* STR_3D_cactus_animation_1.scn */ = {isa = PBXFileReference; lastKnownFileType = file.bplist; path = STR_3D_cactus_animation_1.scn; sourceTree = "<group>"; };
		5BCD49F42A35A27A0058079D /* STR_3D_cactus_animation_3.scn */ = {isa = PBXFileReference; lastKnownFileType = file.bplist; path = STR_3D_cactus_animation_3.scn; sourceTree = "<group>"; };
		5BCD49F62A35A27F0058079D /* STR_3D_cactus_animation_2.scn */ = {isa = PBXFileReference; lastKnownFileType = file.bplist; path = STR_3D_cactus_animation_2.scn; sourceTree = "<group>"; };
		5BCD49F82A35A2860058079D /* STR_3D_cottontree_animation_1.scn */ = {isa = PBXFileReference; lastKnownFileType = file.bplist; path = STR_3D_cottontree_animation_1.scn; sourceTree = "<group>"; };
		5BCD49FA2A35A28A0058079D /* STR_3D_cottontree_animation_2.scn */ = {isa = PBXFileReference; lastKnownFileType = file.bplist; path = STR_3D_cottontree_animation_2.scn; sourceTree = "<group>"; };
		5BCD49FC2A35A28F0058079D /* STR_3D_cottontree_animation_3.scn */ = {isa = PBXFileReference; lastKnownFileType = file.bplist; path = STR_3D_cottontree_animation_3.scn; sourceTree = "<group>"; };
		5BCD49FE2A35A2960058079D /* STR_3D_maple_animation_3.scn */ = {isa = PBXFileReference; lastKnownFileType = file.bplist; path = STR_3D_maple_animation_3.scn; sourceTree = "<group>"; };
		5BCD4A002A35A29A0058079D /* STR_3D_maple_animation_2.scn */ = {isa = PBXFileReference; lastKnownFileType = file.bplist; path = STR_3D_maple_animation_2.scn; sourceTree = "<group>"; };
		5BCD4A022A35A29E0058079D /* STR_3D_maple_animation_1.scn */ = {isa = PBXFileReference; lastKnownFileType = file.bplist; path = STR_3D_maple_animation_1.scn; sourceTree = "<group>"; };
		5BCD4A042A35A2A40058079D /* STR_3D_freesia_animation.scn */ = {isa = PBXFileReference; lastKnownFileType = file.bplist; path = STR_3D_freesia_animation.scn; sourceTree = "<group>"; };
		5BE4D2E52A37F01600348CD2 /* STR_3D_maple_garden_animation.dae */ = {isa = PBXFileReference; fileEncoding = 4; lastKnownFileType = text.xml.dae; path = STR_3D_maple_garden_animation.dae; sourceTree = "<group>"; };
		5BE4D2E62A37F01600348CD2 /* STR_3D_cactus_garden_animation.scn */ = {isa = PBXFileReference; lastKnownFileType = file.bplist; path = STR_3D_cactus_garden_animation.scn; sourceTree = "<group>"; };
		5BE4D2E72A37F01600348CD2 /* STR_3D_dandelion_garden_animation.scn */ = {isa = PBXFileReference; lastKnownFileType = file.bplist; path = STR_3D_dandelion_garden_animation.scn; sourceTree = "<group>"; };
		5BE4D2E82A37F01600348CD2 /* STR_3D_cottontree_garden_animation.dae */ = {isa = PBXFileReference; fileEncoding = 4; lastKnownFileType = text.xml.dae; path = STR_3D_cottontree_garden_animation.dae; sourceTree = "<group>"; };
		5BE4D2E92A37F01600348CD2 /* STR_3D_maple_garden_animation.scn */ = {isa = PBXFileReference; lastKnownFileType = file.bplist; path = STR_3D_maple_garden_animation.scn; sourceTree = "<group>"; };
		5BE4D2EA2A37F01600348CD2 /* STR_3D_cactus_garden_animation.dae */ = {isa = PBXFileReference; fileEncoding = 4; lastKnownFileType = text.xml.dae; path = STR_3D_cactus_garden_animation.dae; sourceTree = "<group>"; };
		5BE4D2EB2A37F01600348CD2 /* STR_3D_dandelion_garden_animation.dae */ = {isa = PBXFileReference; fileEncoding = 4; lastKnownFileType = text.xml.dae; path = STR_3D_dandelion_garden_animation.dae; sourceTree = "<group>"; };
		5BE4D2EC2A37F01600348CD2 /* STR_3D_cottontree_garden_animation.scn */ = {isa = PBXFileReference; lastKnownFileType = file.bplist; path = STR_3D_cottontree_garden_animation.scn; sourceTree = "<group>"; };
/* End PBXFileReference section */

/* Begin PBXFrameworksBuildPhase section */
		0E343AAD2A37FB32006DB1CB /* Frameworks */ = {
			isa = PBXFrameworksBuildPhase;
			buildActionMask = 2147483647;
			files = (
			);
			runOnlyForDeploymentPostprocessing = 0;
		};
		13E09BB62A2AD970009543C6 /* Frameworks */ = {
			isa = PBXFrameworksBuildPhase;
			buildActionMask = 2147483647;
			files = (
				0E343AF42A3916CE006DB1CB /* FocusEntity in Frameworks */,
				5BA14FAE2A3778620042D6A4 /* PopupView in Frameworks */,
			);
			runOnlyForDeploymentPostprocessing = 0;
		};
/* End PBXFrameworksBuildPhase section */

/* Begin PBXGroup section */
		0E343AB12A37FB32006DB1CB /* Tori's Forest for Watch App */ = {
			isa = PBXGroup;
			children = (
				0E343AB22A37FB32006DB1CB /* Tori_s_Forest_forApp.swift */,
				0E343AC12A37FC5C006DB1CB /* ViewModelWatch.swift */,
				0E343AB42A37FB32006DB1CB /* ContentView.swift */,
				0E343AB62A37FB33006DB1CB /* Assets.xcassets */,
				0E343AB82A37FB33006DB1CB /* Preview Content */,
			);
			path = "Tori's Forest for Watch App";
			sourceTree = "<group>";
		};
		0E343AB82A37FB33006DB1CB /* Preview Content */ = {
			isa = PBXGroup;
			children = (
				0E343AB92A37FB33006DB1CB /* Preview Assets.xcassets */,
			);
			path = "Preview Content";
			sourceTree = "<group>";
		};
		0E343AF52A391753006DB1CB /* AR_Objects */ = {
			isa = PBXGroup;
			children = (
				0E343AFA2A39177B006DB1CB /* ground_cactus.usdz */,
				0E343AF92A39177B006DB1CB /* ground_cottontree.usdz */,
				0E343AF62A39177B006DB1CB /* ground_dandelion.usdz */,
				0E343AF82A39177B006DB1CB /* ground_maple.usdz */,
				0E343AF72A39177B006DB1CB /* ground_none.usdz */,
			);
			path = AR_Objects;
			sourceTree = "<group>";
		};
		135FD7D62A3874F800A99A50 /* View */ = {
			isa = PBXGroup;
			children = (
				135FD7D72A38750E00A99A50 /* SplashView.swift */,
				135FD7DE2A38761800A99A50 /* OnboardingView.swift */,
			);
			path = View;
			sourceTree = "<group>";
		};
		135FD7D92A38751B00A99A50 /* Onboarding */ = {
			isa = PBXGroup;
			children = (
				135FD7DA2A38753D00A99A50 /* OnboardingViewModel.swift */,
				135FD7DC2A38755000A99A50 /* Onboarding1.swift */,
				135FD7E02A38762E00A99A50 /* Onboarding2.swift */,
				135FD7E22A38765900A99A50 /* Onboarding3.swift */,
				135FD7E42A38767300A99A50 /* OnboardingTap.swift */,
			);
			path = Onboarding;
			sourceTree = "<group>";
		};
		135FD7EF2A39072500A99A50 /* Component */ = {
			isa = PBXGroup;
			children = (
				135FD7F02A39073C00A99A50 /* OnboardingSkipBtn.swift */,
			);
			path = Component;
			sourceTree = "<group>";
		};
		13E09BB02A2AD970009543C6 = {
			isa = PBXGroup;
			children = (
				5B6FE3772A34B0D600B86712 /* DataModel.xcdatamodeld */,
				5B6FE3872A34CDB600B86712 /* Files */,
				13E09BBB2A2AD970009543C6 /* Tori's Forest */,
				0E343AB12A37FB32006DB1CB /* Tori's Forest for Watch App */,
				13E09BBA2A2AD970009543C6 /* Products */,
			);
			sourceTree = "<group>";
		};
		13E09BBA2A2AD970009543C6 /* Products */ = {
			isa = PBXGroup;
			children = (
				13E09BB92A2AD970009543C6 /* Tori's Forest.app */,
				0E343AB02A37FB32006DB1CB /* Tori's Forest for Watch App.app */,
			);
			name = Products;
			sourceTree = "<group>";
		};
		13E09BBB2A2AD970009543C6 /* Tori's Forest */ = {
			isa = PBXGroup;
			children = (
				135FD7EF2A39072500A99A50 /* Component */,
				135FD7D92A38751B00A99A50 /* Onboarding */,
				135FD7D62A3874F800A99A50 /* View */,
				5BCD49802A3554200058079D /* Objects */,
				13E09BBC2A2AD970009543C6 /* Tori_s_ForestApp.swift */,
				5B254FAF2A2CCD9D00E426EE /* MessageBox.swift */,
				5B254FAD2A2CCC3500E426EE /* MainView.swift */,
				5B254FB32A2CD1C600E426EE /* MissionBox.swift */,
				5B254FB52A2CD5CD00E426EE /* PlantSelectView.swift */,
				5B254FC52A2E00C700E426EE /* DiaryView.swift */,
				5B254FB12A2CCFB200E426EE /* PlantPotView.swift */,
				5B254FBD2A2CEE2300E426EE /* GardenView.swift */,
				5B254FC12A2D1A6C00E426EE /* ChapterOverView.swift */,
				5B254FBF2A2CEEEF00E426EE /* PlantHistoryView.swift */,
				5B254FC32A2DF98300E426EE /* CustomProgressBar.swift */,
				13E09BC02A2AD971009543C6 /* Assets.xcassets */,
				13E09BC22A2AD971009543C6 /* Preview Content */,
				0EE4578D2A3155AB00B2B8FC /* PlantSceneView.swift */,
				0EE4578F2A3157B600B2B8FC /* GardenSceneView.swift */,
				0EE457912A315A9000B2B8FC /* Garden.swift */,
				5B6FE3702A340D8100B86712 /* UserDefault.swift */,
				0E343AC32A37FC6D006DB1CB /* ViewModelPhone.swift */,
				135FD7E62A38774700A99A50 /* Notification.swift */,
				0E343AEE2A3916A1006DB1CB /* ARContentView.swift */,
				0E343AF02A3916B7006DB1CB /* RealityKitView.swift */,
			);
			path = "Tori's Forest";
			sourceTree = "<group>";
		};
		13E09BC22A2AD971009543C6 /* Preview Content */ = {
			isa = PBXGroup;
			children = (
				13E09BC32A2AD971009543C6 /* Preview Assets.xcassets */,
			);
			path = "Preview Content";
			sourceTree = "<group>";
		};
		5B6FE3872A34CDB600B86712 /* Files */ = {
			isa = PBXGroup;
			children = (
				5B6FE3882A34CDB600B86712 /* Dialog.csv */,
				5B6FE3892A34CDB600B86712 /* Chapter.csv */,
				5B6FE38A2A34CDB600B86712 /* Plant.csv */,
				5B6FE38B2A34CDB600B86712 /* Mission.csv */,
				5B6FE38C2A34CDB600B86712 /* Post.csv */,
			);
			path = Files;
			sourceTree = "<group>";
		};
		5BCD49802A3554200058079D /* Objects */ = {
			isa = PBXGroup;
			children = (
				0E343AF52A391753006DB1CB /* AR_Objects */,
				5BCD49812A3554200058079D /* STR_3D_Cactus */,
				5BCD49852A3554200058079D /* STR_3D_emptypot.dae */,
				5BCD49CE2A3554C20058079D /* STR_3D_emptypot.scn */,
				5BCD49862A3554200058079D /* STR_3D_Freesia */,
				5BCD49882A3554200058079D /* STR_3D_Cotton */,
				5BCD498C2A3554200058079D /* STR_3D_gardenground.dae */,
				5BCD49D02A3554CB0058079D /* STR_3D_gardenground.scn */,
				5BCD498D2A3554200058079D /* WithAnimation */,
				5BCD49A42A3554200058079D /* STR_3D_Maple */,
				5BCD49A82A3554200058079D /* STR_3D_Dandelion */,
			);
			path = Objects;
			sourceTree = SOURCE_ROOT;
		};
		5BCD49812A3554200058079D /* STR_3D_Cactus */ = {
			isa = PBXGroup;
			children = (
				5BCD49822A3554200058079D /* STR_3D_cactus_2.dae */,
				5BCD49E22A35A1B90058079D /* STR_3D_cactus_2.scn */,
				5BCD49832A3554200058079D /* STR_3D_cactus_3.dae */,
				5BCD49E02A35A1AF0058079D /* STR_3D_cactus_3.scn */,
				5BCD49842A3554200058079D /* STR_3D_cactus_1.dae */,
				5BCD49DE2A35A1A90058079D /* STR_3D_cactus_1.scn */,
			);
			path = STR_3D_Cactus;
			sourceTree = "<group>";
		};
		5BCD49862A3554200058079D /* STR_3D_Freesia */ = {
			isa = PBXGroup;
			children = (
				5BCD49872A3554200058079D /* STR_3D_freesia.dae */,
			);
			path = STR_3D_Freesia;
			sourceTree = "<group>";
		};
		5BCD49882A3554200058079D /* STR_3D_Cotton */ = {
			isa = PBXGroup;
			children = (
				5BCD49892A3554200058079D /* STR_3D_cotton_1.dae */,
				5BCD498A2A3554200058079D /* STR_3D_cotton_3.dae */,
				5BCD498B2A3554200058079D /* STR_3D_cotton_2.dae */,
			);
			path = STR_3D_Cotton;
			sourceTree = "<group>";
		};
		5BCD498D2A3554200058079D /* WithAnimation */ = {
			isa = PBXGroup;
			children = (
				5BE4D2E42A37F01600348CD2 /* GardenPlant_WithAnimation */,
				5BCD498E2A3554200058079D /* Dandelion_WithAnimation */,
				5BCD49972A3554200058079D /* Cactus_WithAnimation */,
				5BCD499B2A3554200058079D /* Cottontree_WithAnimation */,
				5BCD499F2A3554200058079D /* Maple_WithAnimation */,
				5BCD49A32A3554200058079D /* STR_3D_freesia_animation.dae */,
				5BCD4A042A35A2A40058079D /* STR_3D_freesia_animation.scn */,
			);
			path = WithAnimation;
			sourceTree = "<group>";
		};
		5BCD498E2A3554200058079D /* Dandelion_WithAnimation */ = {
			isa = PBXGroup;
			children = (
				5BCD498F2A3554200058079D /* STR_3D_dandelion_animation_3.dae */,
				5BCD49E42A35A2440058079D /* STR_3D_dandelion_animation_3.scn */,
				5BCD49902A3554200058079D /* STR_3D_dandelion_animation_2.dae */,
				5BCD49E62A35A24B0058079D /* STR_3D_dandelion_animation_2.scn */,
				5BCD49912A3554200058079D /* STR_3D_dandelion_animation_1.dae */,
				5BCD49E82A35A2500058079D /* STR_3D_dandelion_animation_1.scn */,
			);
			path = Dandelion_WithAnimation;
			sourceTree = "<group>";
		};
		5BCD49972A3554200058079D /* Cactus_WithAnimation */ = {
			isa = PBXGroup;
			children = (
				5BCD49982A3554200058079D /* STR_3D_cactus_animation_1.dae */,
				5BCD49F22A35A2750058079D /* STR_3D_cactus_animation_1.scn */,
				5BCD49992A3554200058079D /* STR_3D_cactus_animation_3.dae */,
				5BCD49F42A35A27A0058079D /* STR_3D_cactus_animation_3.scn */,
				5BCD499A2A3554200058079D /* STR_3D_cactus_animation_2.dae */,
				5BCD49F62A35A27F0058079D /* STR_3D_cactus_animation_2.scn */,
			);
			path = Cactus_WithAnimation;
			sourceTree = "<group>";
		};
		5BCD499B2A3554200058079D /* Cottontree_WithAnimation */ = {
			isa = PBXGroup;
			children = (
				5BCD499C2A3554200058079D /* STR_3D_cottontree_animation_1.dae */,
				5BCD49F82A35A2860058079D /* STR_3D_cottontree_animation_1.scn */,
				5BCD499D2A3554200058079D /* STR_3D_cottontree_animation_2.dae */,
				5BCD49FA2A35A28A0058079D /* STR_3D_cottontree_animation_2.scn */,
				5BCD499E2A3554200058079D /* STR_3D_cottontree_animation_3.dae */,
				5BCD49FC2A35A28F0058079D /* STR_3D_cottontree_animation_3.scn */,
			);
			path = Cottontree_WithAnimation;
			sourceTree = "<group>";
		};
		5BCD499F2A3554200058079D /* Maple_WithAnimation */ = {
			isa = PBXGroup;
			children = (
				5BCD49A02A3554200058079D /* STR_3D_maple_animation_3.dae */,
				5BCD49FE2A35A2960058079D /* STR_3D_maple_animation_3.scn */,
				5BCD49A12A3554200058079D /* STR_3D_maple_animation_2.dae */,
				5BCD4A002A35A29A0058079D /* STR_3D_maple_animation_2.scn */,
				5BCD49A22A3554200058079D /* STR_3D_maple_animation_1.dae */,
				5BCD4A022A35A29E0058079D /* STR_3D_maple_animation_1.scn */,
			);
			path = Maple_WithAnimation;
			sourceTree = "<group>";
		};
		5BCD49A42A3554200058079D /* STR_3D_Maple */ = {
			isa = PBXGroup;
			children = (
				5BCD49A52A3554200058079D /* STR_3D_maple_2.dae */,
				5BCD49DC2A35A1A10058079D /* STR_3D_maple_2.scn */,
				5BCD49A62A3554200058079D /* STR_3D_maple_3.dae */,
				5BCD49DA2A35A19C0058079D /* STR_3D_maple_3.scn */,
				5BCD49A72A3554200058079D /* STR_3D_maple_1.dae */,
				5BCD49D82A35A1960058079D /* STR_3D_maple_1.scn */,
			);
			path = STR_3D_Maple;
			sourceTree = "<group>";
		};
		5BCD49A82A3554200058079D /* STR_3D_Dandelion */ = {
			isa = PBXGroup;
			children = (
				5BCD49A92A3554200058079D /* dandelion.png */,
				5BCD49AA2A3554200058079D /* STR_3D_dandelion_3.dae */,
				5BCD49D22A35A1830058079D /* STR_3D_dandelion_3.scn */,
				5BCD49AB2A3554200058079D /* STR_3D_dandelion_2.dae */,
				5BCD49D42A35A1890058079D /* STR_3D_dandelion_2.scn */,
				5BCD49AC2A3554200058079D /* STR_3D_dandelion_1.dae */,
				5BCD49D62A35A1900058079D /* STR_3D_dandelion_1.scn */,
			);
			path = STR_3D_Dandelion;
			sourceTree = "<group>";
		};
		5BE4D2E42A37F01600348CD2 /* GardenPlant_WithAnimation */ = {
			isa = PBXGroup;
			children = (
				5BE4D2E52A37F01600348CD2 /* STR_3D_maple_garden_animation.dae */,
				5BE4D2E62A37F01600348CD2 /* STR_3D_cactus_garden_animation.scn */,
				5BE4D2E72A37F01600348CD2 /* STR_3D_dandelion_garden_animation.scn */,
				5BE4D2E82A37F01600348CD2 /* STR_3D_cottontree_garden_animation.dae */,
				5BE4D2E92A37F01600348CD2 /* STR_3D_maple_garden_animation.scn */,
				5BE4D2EA2A37F01600348CD2 /* STR_3D_cactus_garden_animation.dae */,
				5BE4D2EB2A37F01600348CD2 /* STR_3D_dandelion_garden_animation.dae */,
				5BE4D2EC2A37F01600348CD2 /* STR_3D_cottontree_garden_animation.scn */,
			);
			path = GardenPlant_WithAnimation;
			sourceTree = "<group>";
		};
/* End PBXGroup section */

/* Begin PBXNativeTarget section */
		0E343AAF2A37FB32006DB1CB /* Tori's Forest for Watch App */ = {
			isa = PBXNativeTarget;
			buildConfigurationList = 0E343ABE2A37FB33006DB1CB /* Build configuration list for PBXNativeTarget "Tori's Forest for Watch App" */;
			buildPhases = (
				0E343AAC2A37FB32006DB1CB /* Sources */,
				0E343AAD2A37FB32006DB1CB /* Frameworks */,
				0E343AAE2A37FB32006DB1CB /* Resources */,
			);
			buildRules = (
			);
			dependencies = (
			);
			name = "Tori's Forest for Watch App";
			productName = "Tori's Forest for Watch App";
			productReference = 0E343AB02A37FB32006DB1CB /* Tori's Forest for Watch App.app */;
			productType = "com.apple.product-type.application";
		};
		13E09BB82A2AD970009543C6 /* Tori's Forest */ = {
			isa = PBXNativeTarget;
			buildConfigurationList = 13E09BC72A2AD971009543C6 /* Build configuration list for PBXNativeTarget "Tori's Forest" */;
			buildPhases = (
				13E09BB52A2AD970009543C6 /* Sources */,
				13E09BB62A2AD970009543C6 /* Frameworks */,
				13E09BB72A2AD970009543C6 /* Resources */,
				0E343AA82A37FAFB006DB1CB /* Embed Watch Content */,
			);
			buildRules = (
			);
			dependencies = (
				0E343ABC2A37FB33006DB1CB /* PBXTargetDependency */,
			);
			name = "Tori's Forest";
			packageProductDependencies = (
				5BA14FAD2A3778620042D6A4 /* PopupView */,
				0E343AF32A3916CE006DB1CB /* FocusEntity */,
			);
			productName = "Tori's Forest";
			productReference = 13E09BB92A2AD970009543C6 /* Tori's Forest.app */;
			productType = "com.apple.product-type.application";
		};
/* End PBXNativeTarget section */

/* Begin PBXProject section */
		13E09BB12A2AD970009543C6 /* Project object */ = {
			isa = PBXProject;
			attributes = {
				BuildIndependentTargetsInParallel = 1;
				LastSwiftUpdateCheck = 1430;
				LastUpgradeCheck = 1430;
				TargetAttributes = {
					0E343AAF2A37FB32006DB1CB = {
						CreatedOnToolsVersion = 14.3.1;
					};
					13E09BB82A2AD970009543C6 = {
						CreatedOnToolsVersion = 14.3;
					};
				};
			};
			buildConfigurationList = 13E09BB42A2AD970009543C6 /* Build configuration list for PBXProject "Tori's Forest" */;
			compatibilityVersion = "Xcode 14.0";
			developmentRegion = en;
			hasScannedForEncodings = 0;
			knownRegions = (
				en,
				Base,
			);
			mainGroup = 13E09BB02A2AD970009543C6;
			packageReferences = (
				5BA14FAC2A3778620042D6A4 /* XCRemoteSwiftPackageReference "PopupView" */,
				0E343AF22A3916CE006DB1CB /* XCRemoteSwiftPackageReference "FocusEntity" */,
			);
			productRefGroup = 13E09BBA2A2AD970009543C6 /* Products */;
			projectDirPath = "";
			projectRoot = "";
			targets = (
				13E09BB82A2AD970009543C6 /* Tori's Forest */,
				0E343AAF2A37FB32006DB1CB /* Tori's Forest for Watch App */,
			);
		};
/* End PBXProject section */

/* Begin PBXResourcesBuildPhase section */
		0E343AAE2A37FB32006DB1CB /* Resources */ = {
			isa = PBXResourcesBuildPhase;
			buildActionMask = 2147483647;
			files = (
				0E343ABA2A37FB33006DB1CB /* Preview Assets.xcassets in Resources */,
				0E343AB72A37FB33006DB1CB /* Assets.xcassets in Resources */,
			);
			runOnlyForDeploymentPostprocessing = 0;
		};
		13E09BB72A2AD970009543C6 /* Resources */ = {
			isa = PBXResourcesBuildPhase;
			buildActionMask = 2147483647;
			files = (
				5BCD49C52A3554200058079D /* STR_3D_maple_animation_1.dae in Resources */,
				5B6FE3902A34CDB600B86712 /* Mission.csv in Resources */,
				5B6FE38F2A34CDB600B86712 /* Plant.csv in Resources */,
				5BE4D2ED2A37F01600348CD2 /* STR_3D_maple_garden_animation.dae in Resources */,
				5BCD49B02A3554200058079D /* STR_3D_emptypot.dae in Resources */,
				5BCD49F92A35A2860058079D /* STR_3D_cottontree_animation_1.scn in Resources */,
				5BCD49D92A35A1960058079D /* STR_3D_maple_1.scn in Resources */,
				5BE4D2EF2A37F01600348CD2 /* STR_3D_dandelion_garden_animation.scn in Resources */,
				5BCD49B42A3554200058079D /* STR_3D_cotton_2.dae in Resources */,
				5BCD49C22A3554200058079D /* STR_3D_cottontree_animation_3.dae in Resources */,
				5BCD49C62A3554200058079D /* STR_3D_freesia_animation.dae in Resources */,
				5BCD49B82A3554200058079D /* STR_3D_dandelion_animation_1.dae in Resources */,
				5BCD49AE2A3554200058079D /* STR_3D_cactus_3.dae in Resources */,
				5BCD49E32A35A1B90058079D /* STR_3D_cactus_2.scn in Resources */,
				5BCD49B62A3554200058079D /* STR_3D_dandelion_animation_3.dae in Resources */,
				5B6FE38D2A34CDB600B86712 /* Dialog.csv in Resources */,
				5B6FE3912A34CDB600B86712 /* Post.csv in Resources */,
				5BCD49C12A3554200058079D /* STR_3D_cottontree_animation_2.dae in Resources */,
				5BCD49F72A35A27F0058079D /* STR_3D_cactus_animation_2.scn in Resources */,
				13E09BC42A2AD971009543C6 /* Preview Assets.xcassets in Resources */,
				5BCD49E52A35A2440058079D /* STR_3D_dandelion_animation_3.scn in Resources */,
				5BE4D2F32A37F01600348CD2 /* STR_3D_dandelion_garden_animation.dae in Resources */,
				5BE4D2EE2A37F01600348CD2 /* STR_3D_cactus_garden_animation.scn in Resources */,
				5BCD49BE2A3554200058079D /* STR_3D_cactus_animation_3.dae in Resources */,
				5BCD49FB2A35A28A0058079D /* STR_3D_cottontree_animation_2.scn in Resources */,
				5BCD49F52A35A27A0058079D /* STR_3D_cactus_animation_3.scn in Resources */,
				5BCD49B22A3554200058079D /* STR_3D_cotton_1.dae in Resources */,
				5BCD4A052A35A2A40058079D /* STR_3D_freesia_animation.scn in Resources */,
				5BCD49CD2A3554200058079D /* STR_3D_dandelion_1.dae in Resources */,
				5BCD49C82A3554200058079D /* STR_3D_maple_3.dae in Resources */,
				5BCD49C72A3554200058079D /* STR_3D_maple_2.dae in Resources */,
				5BCD49CA2A3554200058079D /* dandelion.png in Resources */,
				0E343AFC2A39177B006DB1CB /* ground_none.usdz in Resources */,
				0E343AFF2A39177B006DB1CB /* ground_cactus.usdz in Resources */,
				5BCD49B72A3554200058079D /* STR_3D_dandelion_animation_2.dae in Resources */,
				5BCD4A012A35A29A0058079D /* STR_3D_maple_animation_2.scn in Resources */,
				5BCD49AD2A3554200058079D /* STR_3D_cactus_2.dae in Resources */,
				5BE4D2F02A37F01600348CD2 /* STR_3D_cottontree_garden_animation.dae in Resources */,
				13E09BC12A2AD971009543C6 /* Assets.xcassets in Resources */,
				5BCD49D52A35A1890058079D /* STR_3D_dandelion_2.scn in Resources */,
				5BCD49B32A3554200058079D /* STR_3D_cotton_3.dae in Resources */,
				5BCD49C32A3554200058079D /* STR_3D_maple_animation_3.dae in Resources */,
				5BCD49F32A35A2750058079D /* STR_3D_cactus_animation_1.scn in Resources */,
				5BCD49D72A35A1900058079D /* STR_3D_dandelion_1.scn in Resources */,
				5BCD49FF2A35A2960058079D /* STR_3D_maple_animation_3.scn in Resources */,
				5BCD49CF2A3554C20058079D /* STR_3D_emptypot.scn in Resources */,
				5BCD49FD2A35A28F0058079D /* STR_3D_cottontree_animation_3.scn in Resources */,
				5BE4D2F12A37F01600348CD2 /* STR_3D_maple_garden_animation.scn in Resources */,
				5BCD49C92A3554200058079D /* STR_3D_maple_1.dae in Resources */,
				5BCD49DD2A35A1A10058079D /* STR_3D_maple_2.scn in Resources */,
				5BCD49AF2A3554200058079D /* STR_3D_cactus_1.dae in Resources */,
				5BCD49DF2A35A1A90058079D /* STR_3D_cactus_1.scn in Resources */,
				5BCD49B52A3554200058079D /* STR_3D_gardenground.dae in Resources */,
				5BCD49E12A35A1AF0058079D /* STR_3D_cactus_3.scn in Resources */,
				5BCD49CC2A3554200058079D /* STR_3D_dandelion_2.dae in Resources */,
				5BCD49E92A35A2500058079D /* STR_3D_dandelion_animation_1.scn in Resources */,
				5BCD49BD2A3554200058079D /* STR_3D_cactus_animation_1.dae in Resources */,
				5BE4D2F22A37F01600348CD2 /* STR_3D_cactus_garden_animation.dae in Resources */,
				5BE4D2F42A37F01600348CD2 /* STR_3D_cottontree_garden_animation.scn in Resources */,
				5BCD49D32A35A1830058079D /* STR_3D_dandelion_3.scn in Resources */,
				5BCD49DB2A35A19C0058079D /* STR_3D_maple_3.scn in Resources */,
				5BCD49CB2A3554200058079D /* STR_3D_dandelion_3.dae in Resources */,
				0E343AFD2A39177B006DB1CB /* ground_maple.usdz in Resources */,
				5B6FE38E2A34CDB600B86712 /* Chapter.csv in Resources */,
				0E343AFE2A39177B006DB1CB /* ground_cottontree.usdz in Resources */,
				5BCD49BF2A3554200058079D /* STR_3D_cactus_animation_2.dae in Resources */,
				5BCD4A032A35A29E0058079D /* STR_3D_maple_animation_1.scn in Resources */,
				5BCD49B12A3554200058079D /* STR_3D_freesia.dae in Resources */,
				0E343AFB2A39177B006DB1CB /* ground_dandelion.usdz in Resources */,
				5BCD49E72A35A24B0058079D /* STR_3D_dandelion_animation_2.scn in Resources */,
				5BCD49D12A3554CB0058079D /* STR_3D_gardenground.scn in Resources */,
				5BCD49C02A3554200058079D /* STR_3D_cottontree_animation_1.dae in Resources */,
				5BCD49C42A3554200058079D /* STR_3D_maple_animation_2.dae in Resources */,
			);
			runOnlyForDeploymentPostprocessing = 0;
		};
/* End PBXResourcesBuildPhase section */

/* Begin PBXSourcesBuildPhase section */
		0E343AAC2A37FB32006DB1CB /* Sources */ = {
			isa = PBXSourcesBuildPhase;
			buildActionMask = 2147483647;
			files = (
				0E343AB52A37FB32006DB1CB /* ContentView.swift in Sources */,
				0E343AC22A37FC5C006DB1CB /* ViewModelWatch.swift in Sources */,
				0E343AB32A37FB32006DB1CB /* Tori_s_Forest_forApp.swift in Sources */,
			);
			runOnlyForDeploymentPostprocessing = 0;
		};
		13E09BB52A2AD970009543C6 /* Sources */ = {
			isa = PBXSourcesBuildPhase;
			buildActionMask = 2147483647;
			files = (
				5B254FC42A2DF98300E426EE /* CustomProgressBar.swift in Sources */,
				5B6FE3792A34B0D600B86712 /* DataModel.xcdatamodeld in Sources */,
				5B254FAE2A2CCC3500E426EE /* MainView.swift in Sources */,
				5B254FC22A2D1A6C00E426EE /* ChapterOverView.swift in Sources */,
				0E343AC42A37FC6D006DB1CB /* ViewModelPhone.swift in Sources */,
				5B254FB62A2CD5CD00E426EE /* PlantSelectView.swift in Sources */,
				135FD7E32A38765900A99A50 /* Onboarding3.swift in Sources */,
				5B254FBE2A2CEE2300E426EE /* GardenView.swift in Sources */,
				0E343AEF2A3916A1006DB1CB /* ARContentView.swift in Sources */,
				13E09BBD2A2AD970009543C6 /* Tori_s_ForestApp.swift in Sources */,
				135FD7E12A38762E00A99A50 /* Onboarding2.swift in Sources */,
				5B254FC02A2CEEEF00E426EE /* PlantHistoryView.swift in Sources */,
				5B254FB02A2CCD9D00E426EE /* MessageBox.swift in Sources */,
				0EE457902A3157B600B2B8FC /* GardenSceneView.swift in Sources */,
				135FD7DD2A38755000A99A50 /* Onboarding1.swift in Sources */,
				0EE457922A315A9000B2B8FC /* Garden.swift in Sources */,
				5B254FC62A2E00C700E426EE /* DiaryView.swift in Sources */,
				5B254FB22A2CCFB200E426EE /* PlantPotView.swift in Sources */,
				135FD7E52A38767300A99A50 /* OnboardingTap.swift in Sources */,
				5B254FB42A2CD1C600E426EE /* MissionBox.swift in Sources */,
				135FD7F12A39073C00A99A50 /* OnboardingSkipBtn.swift in Sources */,
				135FD7E72A38774700A99A50 /* Notification.swift in Sources */,
				5B6FE3712A340D8100B86712 /* UserDefault.swift in Sources */,
				135FD7D82A38750E00A99A50 /* SplashView.swift in Sources */,
				5B254FAA2A2CCC1B00E426EE /* ViewChangeButton.swift in Sources */,
				0E343AF12A3916B7006DB1CB /* RealityKitView.swift in Sources */,
				135FD7DB2A38753D00A99A50 /* OnboardingViewModel.swift in Sources */,
				135FD7DF2A38761800A99A50 /* OnboardingView.swift in Sources */,
				0EE4578E2A3155AB00B2B8FC /* PlantSceneView.swift in Sources */,
			);
			runOnlyForDeploymentPostprocessing = 0;
		};
/* End PBXSourcesBuildPhase section */

/* Begin PBXTargetDependency section */
		0E343ABC2A37FB33006DB1CB /* PBXTargetDependency */ = {
			isa = PBXTargetDependency;
			target = 0E343AAF2A37FB32006DB1CB /* Tori's Forest for Watch App */;
			targetProxy = 0E343ABB2A37FB33006DB1CB /* PBXContainerItemProxy */;
		};
/* End PBXTargetDependency section */

/* Begin XCBuildConfiguration section */
		0E343ABF2A37FB33006DB1CB /* Debug */ = {
			isa = XCBuildConfiguration;
			buildSettings = {
				ASSETCATALOG_COMPILER_APPICON_NAME = AppIcon;
				ASSETCATALOG_COMPILER_GLOBAL_ACCENT_COLOR_NAME = AccentColor;
				CODE_SIGN_STYLE = Automatic;
				CURRENT_PROJECT_VERSION = 1;
				DEVELOPMENT_ASSET_PATHS = "\"Tori's Forest for Watch App/Preview Content\"";
				DEVELOPMENT_TEAM = 5Z238234D5;
				ENABLE_PREVIEWS = YES;
				GENERATE_INFOPLIST_FILE = YES;
				INFOPLIST_KEY_CFBundleDisplayName = "Tori's Forest for";
				INFOPLIST_KEY_UIApplicationSupportsIndirectInputEvents = YES;
				INFOPLIST_KEY_UISupportedInterfaceOrientations = "UIInterfaceOrientationPortrait UIInterfaceOrientationPortraitUpsideDown";
				INFOPLIST_KEY_WKCompanionAppBundleIdentifier = "d.Tori-s-Forest";
				LD_RUNPATH_SEARCH_PATHS = (
					"$(inherited)",
					"@executable_path/Frameworks",
				);
				MARKETING_VERSION = 1.0;
				PRODUCT_BUNDLE_IDENTIFIER = "d.Tori-s-Forest.watchkitapp";
				PRODUCT_NAME = "$(TARGET_NAME)";
				SDKROOT = watchos;
				SKIP_INSTALL = YES;
				SWIFT_EMIT_LOC_STRINGS = YES;
				SWIFT_VERSION = 5.0;
				TARGETED_DEVICE_FAMILY = 4;
				WATCHOS_DEPLOYMENT_TARGET = 9.4;
			};
			name = Debug;
		};
		0E343AC02A37FB33006DB1CB /* Release */ = {
			isa = XCBuildConfiguration;
			buildSettings = {
				ASSETCATALOG_COMPILER_APPICON_NAME = AppIcon;
				ASSETCATALOG_COMPILER_GLOBAL_ACCENT_COLOR_NAME = AccentColor;
				CODE_SIGN_STYLE = Automatic;
				CURRENT_PROJECT_VERSION = 1;
				DEVELOPMENT_ASSET_PATHS = "\"Tori's Forest for Watch App/Preview Content\"";
				DEVELOPMENT_TEAM = 5Z238234D5;
				ENABLE_PREVIEWS = YES;
				GENERATE_INFOPLIST_FILE = YES;
				INFOPLIST_KEY_CFBundleDisplayName = "Tori's Forest for";
				INFOPLIST_KEY_UIApplicationSupportsIndirectInputEvents = YES;
				INFOPLIST_KEY_UISupportedInterfaceOrientations = "UIInterfaceOrientationPortrait UIInterfaceOrientationPortraitUpsideDown";
				INFOPLIST_KEY_WKCompanionAppBundleIdentifier = "d.Tori-s-Forest";
				LD_RUNPATH_SEARCH_PATHS = (
					"$(inherited)",
					"@executable_path/Frameworks",
				);
				MARKETING_VERSION = 1.0;
				PRODUCT_BUNDLE_IDENTIFIER = "d.Tori-s-Forest.watchkitapp";
				PRODUCT_NAME = "$(TARGET_NAME)";
				SDKROOT = watchos;
				SKIP_INSTALL = YES;
				SWIFT_EMIT_LOC_STRINGS = YES;
				SWIFT_VERSION = 5.0;
				TARGETED_DEVICE_FAMILY = 4;
				WATCHOS_DEPLOYMENT_TARGET = 9.4;
			};
			name = Release;
		};
		13E09BC52A2AD971009543C6 /* Debug */ = {
			isa = XCBuildConfiguration;
			buildSettings = {
				ALWAYS_SEARCH_USER_PATHS = NO;
				CLANG_ANALYZER_NONNULL = YES;
				CLANG_ANALYZER_NUMBER_OBJECT_CONVERSION = YES_AGGRESSIVE;
				CLANG_CXX_LANGUAGE_STANDARD = "gnu++20";
				CLANG_ENABLE_MODULES = YES;
				CLANG_ENABLE_OBJC_ARC = YES;
				CLANG_ENABLE_OBJC_WEAK = YES;
				CLANG_WARN_BLOCK_CAPTURE_AUTORELEASING = YES;
				CLANG_WARN_BOOL_CONVERSION = YES;
				CLANG_WARN_COMMA = YES;
				CLANG_WARN_CONSTANT_CONVERSION = YES;
				CLANG_WARN_DEPRECATED_OBJC_IMPLEMENTATIONS = YES;
				CLANG_WARN_DIRECT_OBJC_ISA_USAGE = YES_ERROR;
				CLANG_WARN_DOCUMENTATION_COMMENTS = YES;
				CLANG_WARN_EMPTY_BODY = YES;
				CLANG_WARN_ENUM_CONVERSION = YES;
				CLANG_WARN_INFINITE_RECURSION = YES;
				CLANG_WARN_INT_CONVERSION = YES;
				CLANG_WARN_NON_LITERAL_NULL_CONVERSION = YES;
				CLANG_WARN_OBJC_IMPLICIT_RETAIN_SELF = YES;
				CLANG_WARN_OBJC_LITERAL_CONVERSION = YES;
				CLANG_WARN_OBJC_ROOT_CLASS = YES_ERROR;
				CLANG_WARN_QUOTED_INCLUDE_IN_FRAMEWORK_HEADER = YES;
				CLANG_WARN_RANGE_LOOP_ANALYSIS = YES;
				CLANG_WARN_STRICT_PROTOTYPES = YES;
				CLANG_WARN_SUSPICIOUS_MOVE = YES;
				CLANG_WARN_UNGUARDED_AVAILABILITY = YES_AGGRESSIVE;
				CLANG_WARN_UNREACHABLE_CODE = YES;
				CLANG_WARN__DUPLICATE_METHOD_MATCH = YES;
				COPY_PHASE_STRIP = NO;
				DEBUG_INFORMATION_FORMAT = dwarf;
				ENABLE_STRICT_OBJC_MSGSEND = YES;
				ENABLE_TESTABILITY = YES;
				GCC_C_LANGUAGE_STANDARD = gnu11;
				GCC_DYNAMIC_NO_PIC = NO;
				GCC_NO_COMMON_BLOCKS = YES;
				GCC_OPTIMIZATION_LEVEL = 0;
				GCC_PREPROCESSOR_DEFINITIONS = (
					"DEBUG=1",
					"$(inherited)",
				);
				GCC_WARN_64_TO_32_BIT_CONVERSION = YES;
				GCC_WARN_ABOUT_RETURN_TYPE = YES_ERROR;
				GCC_WARN_UNDECLARED_SELECTOR = YES;
				GCC_WARN_UNINITIALIZED_AUTOS = YES_AGGRESSIVE;
				GCC_WARN_UNUSED_FUNCTION = YES;
				GCC_WARN_UNUSED_VARIABLE = YES;
				IPHONEOS_DEPLOYMENT_TARGET = 16.4;
				MTL_ENABLE_DEBUG_INFO = INCLUDE_SOURCE;
				MTL_FAST_MATH = YES;
				ONLY_ACTIVE_ARCH = YES;
				SDKROOT = iphoneos;
				SWIFT_ACTIVE_COMPILATION_CONDITIONS = DEBUG;
				SWIFT_OPTIMIZATION_LEVEL = "-Onone";
			};
			name = Debug;
		};
		13E09BC62A2AD971009543C6 /* Release */ = {
			isa = XCBuildConfiguration;
			buildSettings = {
				ALWAYS_SEARCH_USER_PATHS = NO;
				CLANG_ANALYZER_NONNULL = YES;
				CLANG_ANALYZER_NUMBER_OBJECT_CONVERSION = YES_AGGRESSIVE;
				CLANG_CXX_LANGUAGE_STANDARD = "gnu++20";
				CLANG_ENABLE_MODULES = YES;
				CLANG_ENABLE_OBJC_ARC = YES;
				CLANG_ENABLE_OBJC_WEAK = YES;
				CLANG_WARN_BLOCK_CAPTURE_AUTORELEASING = YES;
				CLANG_WARN_BOOL_CONVERSION = YES;
				CLANG_WARN_COMMA = YES;
				CLANG_WARN_CONSTANT_CONVERSION = YES;
				CLANG_WARN_DEPRECATED_OBJC_IMPLEMENTATIONS = YES;
				CLANG_WARN_DIRECT_OBJC_ISA_USAGE = YES_ERROR;
				CLANG_WARN_DOCUMENTATION_COMMENTS = YES;
				CLANG_WARN_EMPTY_BODY = YES;
				CLANG_WARN_ENUM_CONVERSION = YES;
				CLANG_WARN_INFINITE_RECURSION = YES;
				CLANG_WARN_INT_CONVERSION = YES;
				CLANG_WARN_NON_LITERAL_NULL_CONVERSION = YES;
				CLANG_WARN_OBJC_IMPLICIT_RETAIN_SELF = YES;
				CLANG_WARN_OBJC_LITERAL_CONVERSION = YES;
				CLANG_WARN_OBJC_ROOT_CLASS = YES_ERROR;
				CLANG_WARN_QUOTED_INCLUDE_IN_FRAMEWORK_HEADER = YES;
				CLANG_WARN_RANGE_LOOP_ANALYSIS = YES;
				CLANG_WARN_STRICT_PROTOTYPES = YES;
				CLANG_WARN_SUSPICIOUS_MOVE = YES;
				CLANG_WARN_UNGUARDED_AVAILABILITY = YES_AGGRESSIVE;
				CLANG_WARN_UNREACHABLE_CODE = YES;
				CLANG_WARN__DUPLICATE_METHOD_MATCH = YES;
				COPY_PHASE_STRIP = NO;
				DEBUG_INFORMATION_FORMAT = "dwarf-with-dsym";
				ENABLE_NS_ASSERTIONS = NO;
				ENABLE_STRICT_OBJC_MSGSEND = YES;
				GCC_C_LANGUAGE_STANDARD = gnu11;
				GCC_NO_COMMON_BLOCKS = YES;
				GCC_WARN_64_TO_32_BIT_CONVERSION = YES;
				GCC_WARN_ABOUT_RETURN_TYPE = YES_ERROR;
				GCC_WARN_UNDECLARED_SELECTOR = YES;
				GCC_WARN_UNINITIALIZED_AUTOS = YES_AGGRESSIVE;
				GCC_WARN_UNUSED_FUNCTION = YES;
				GCC_WARN_UNUSED_VARIABLE = YES;
				IPHONEOS_DEPLOYMENT_TARGET = 16.4;
				MTL_ENABLE_DEBUG_INFO = NO;
				MTL_FAST_MATH = YES;
				SDKROOT = iphoneos;
				SWIFT_COMPILATION_MODE = wholemodule;
				SWIFT_OPTIMIZATION_LEVEL = "-O";
				VALIDATE_PRODUCT = YES;
			};
			name = Release;
		};
		13E09BC82A2AD971009543C6 /* Debug */ = {
			isa = XCBuildConfiguration;
			buildSettings = {
				ALWAYS_EMBED_SWIFT_STANDARD_LIBRARIES = YES;
				ASSETCATALOG_COMPILER_APPICON_NAME = AppIcon;
				ASSETCATALOG_COMPILER_GLOBAL_ACCENT_COLOR_NAME = AccentColor;
				CODE_SIGN_STYLE = Automatic;
				CURRENT_PROJECT_VERSION = 1;
				DEVELOPMENT_ASSET_PATHS = "\"Tori's Forest/Preview Content\"";
				DEVELOPMENT_TEAM = 5Z238234D5;
				ENABLE_PREVIEWS = YES;
				GENERATE_INFOPLIST_FILE = YES;
				INFOPLIST_KEY_NSCameraUsageDescription = "";
				INFOPLIST_KEY_NSPhotoLibraryAddUsageDescription = "This app saves screenshots to your photo library.";
				INFOPLIST_KEY_UIApplicationSceneManifest_Generation = YES;
				INFOPLIST_KEY_UIApplicationSupportsIndirectInputEvents = YES;
				INFOPLIST_KEY_UILaunchScreen_Generation = YES;
				INFOPLIST_KEY_UISupportedInterfaceOrientations_iPad = "UIInterfaceOrientationPortrait UIInterfaceOrientationPortraitUpsideDown UIInterfaceOrientationLandscapeLeft UIInterfaceOrientationLandscapeRight";
				INFOPLIST_KEY_UISupportedInterfaceOrientations_iPhone = "UIInterfaceOrientationPortrait UIInterfaceOrientationLandscapeLeft UIInterfaceOrientationLandscapeRight";
				LD_RUNPATH_SEARCH_PATHS = (
					"$(inherited)",
					"@executable_path/Frameworks",
				);
				MARKETING_VERSION = 1.0;
				PRODUCT_BUNDLE_IDENTIFIER = "d.Tori-s-Forest";
				PRODUCT_NAME = "$(TARGET_NAME)";
				SWIFT_EMIT_LOC_STRINGS = YES;
				SWIFT_VERSION = 5.0;
				TARGETED_DEVICE_FAMILY = "1,2";
			};
			name = Debug;
		};
		13E09BC92A2AD971009543C6 /* Release */ = {
			isa = XCBuildConfiguration;
			buildSettings = {
				ALWAYS_EMBED_SWIFT_STANDARD_LIBRARIES = YES;
				ASSETCATALOG_COMPILER_APPICON_NAME = AppIcon;
				ASSETCATALOG_COMPILER_GLOBAL_ACCENT_COLOR_NAME = AccentColor;
				CODE_SIGN_STYLE = Automatic;
				CURRENT_PROJECT_VERSION = 1;
				DEVELOPMENT_ASSET_PATHS = "\"Tori's Forest/Preview Content\"";
				DEVELOPMENT_TEAM = 5Z238234D5;
				ENABLE_PREVIEWS = YES;
				GENERATE_INFOPLIST_FILE = YES;
				INFOPLIST_KEY_NSCameraUsageDescription = "";
				INFOPLIST_KEY_NSPhotoLibraryAddUsageDescription = "This app saves screenshots to your photo library.";
				INFOPLIST_KEY_UIApplicationSceneManifest_Generation = YES;
				INFOPLIST_KEY_UIApplicationSupportsIndirectInputEvents = YES;
				INFOPLIST_KEY_UILaunchScreen_Generation = YES;
				INFOPLIST_KEY_UISupportedInterfaceOrientations_iPad = "UIInterfaceOrientationPortrait UIInterfaceOrientationPortraitUpsideDown UIInterfaceOrientationLandscapeLeft UIInterfaceOrientationLandscapeRight";
				INFOPLIST_KEY_UISupportedInterfaceOrientations_iPhone = "UIInterfaceOrientationPortrait UIInterfaceOrientationLandscapeLeft UIInterfaceOrientationLandscapeRight";
				LD_RUNPATH_SEARCH_PATHS = (
					"$(inherited)",
					"@executable_path/Frameworks",
				);
				MARKETING_VERSION = 1.0;
				PRODUCT_BUNDLE_IDENTIFIER = "d.Tori-s-Forest";
				PRODUCT_NAME = "$(TARGET_NAME)";
				SWIFT_EMIT_LOC_STRINGS = YES;
				SWIFT_VERSION = 5.0;
				TARGETED_DEVICE_FAMILY = "1,2";
			};
			name = Release;
		};
/* End XCBuildConfiguration section */

/* Begin XCConfigurationList section */
		0E343ABE2A37FB33006DB1CB /* Build configuration list for PBXNativeTarget "Tori's Forest for Watch App" */ = {
			isa = XCConfigurationList;
			buildConfigurations = (
				0E343ABF2A37FB33006DB1CB /* Debug */,
				0E343AC02A37FB33006DB1CB /* Release */,
			);
			defaultConfigurationIsVisible = 0;
			defaultConfigurationName = Release;
		};
		13E09BB42A2AD970009543C6 /* Build configuration list for PBXProject "Tori's Forest" */ = {
			isa = XCConfigurationList;
			buildConfigurations = (
				13E09BC52A2AD971009543C6 /* Debug */,
				13E09BC62A2AD971009543C6 /* Release */,
			);
			defaultConfigurationIsVisible = 0;
			defaultConfigurationName = Release;
		};
		13E09BC72A2AD971009543C6 /* Build configuration list for PBXNativeTarget "Tori's Forest" */ = {
			isa = XCConfigurationList;
			buildConfigurations = (
				13E09BC82A2AD971009543C6 /* Debug */,
				13E09BC92A2AD971009543C6 /* Release */,
			);
			defaultConfigurationIsVisible = 0;
			defaultConfigurationName = Release;
		};
/* End XCConfigurationList section */

/* Begin XCRemoteSwiftPackageReference section */
		0E343AF22A3916CE006DB1CB /* XCRemoteSwiftPackageReference "FocusEntity" */ = {
			isa = XCRemoteSwiftPackageReference;
			repositoryURL = "https://github.com/maxxfrazer/FocusEntity";
			requirement = {
				kind = upToNextMajorVersion;
				minimumVersion = 2.0.0;
			};
		};
		5BA14FAC2A3778620042D6A4 /* XCRemoteSwiftPackageReference "PopupView" */ = {
			isa = XCRemoteSwiftPackageReference;
			repositoryURL = "https://github.com/exyte/PopupView.git";
			requirement = {
				kind = upToNextMajorVersion;
				minimumVersion = 2.0.0;
			};
		};
/* End XCRemoteSwiftPackageReference section */

/* Begin XCSwiftPackageProductDependency section */
		0E343AF32A3916CE006DB1CB /* FocusEntity */ = {
			isa = XCSwiftPackageProductDependency;
			package = 0E343AF22A3916CE006DB1CB /* XCRemoteSwiftPackageReference "FocusEntity" */;
			productName = FocusEntity;
		};
		5BA14FAD2A3778620042D6A4 /* PopupView */ = {
			isa = XCSwiftPackageProductDependency;
			package = 5BA14FAC2A3778620042D6A4 /* XCRemoteSwiftPackageReference "PopupView" */;
			productName = PopupView;
		};
/* End XCSwiftPackageProductDependency section */

/* Begin XCVersionGroup section */
		5B6FE3772A34B0D600B86712 /* DataModel.xcdatamodeld */ = {
			isa = XCVersionGroup;
			children = (
				5B6FE3782A34B0D600B86712 /* DataModel.xcdatamodel */,
			);
			currentVersion = 5B6FE3782A34B0D600B86712 /* DataModel.xcdatamodel */;
			path = DataModel.xcdatamodeld;
			sourceTree = "<group>";
			versionGroupType = wrapper.xcdatamodel;
		};
/* End XCVersionGroup section */
	};
	rootObject = 13E09BB12A2AD970009543C6 /* Project object */;
}
